# Generated by conda-lock.
# platform: win-64
# input_hash: 07b8f149a5bf1a977f8a62d603bfe23d5c835bb93dd027a6ca5ff16e62927e52
@EXPLICIT
https://conda.anaconda.org/conda-forge/win-64/ca-certificates-2022.12.7-h5b45459_0.conda#31de4d9887dc8eaed9e6230a5dfbb9d6
https://conda.anaconda.org/conda-forge/noarch/font-ttf-dejavu-sans-mono-2.37-hab24e00_0.tar.bz2#0c96522c6bdaed4b1566d11387caaf45
https://conda.anaconda.org/conda-forge/noarch/font-ttf-inconsolata-3.000-h77eed37_0.tar.bz2#34893075a5c9e55cdafac56607368fc6
https://conda.anaconda.org/conda-forge/noarch/font-ttf-source-code-pro-2.038-h77eed37_0.tar.bz2#4d59c254e01d9cde7957100457e2d5fb
https://conda.anaconda.org/conda-forge/noarch/font-ttf-ubuntu-0.83-hab24e00_0.tar.bz2#19410c3df09dfb12d1206132a1d357c5
https://conda.anaconda.org/conda-forge/win-64/intel-openmp-2023.0.0-h57928b3_25922.conda#8ecf3a448f5a35bd30cb39ddc2a19058
https://conda.anaconda.org/conda-forge/win-64/mkl-include-2022.1.0-h6a75c08_874.tar.bz2#414f6ab96ad71e7a95bd00d990fa3473
https://conda.anaconda.org/conda-forge/win-64/msys2-conda-epoch-20160418-1.tar.bz2#b0309b72560df66f71a9d5e34a5efdfa
https://conda.anaconda.org/conda-forge/noarch/poppler-data-0.4.12-hd8ed1ab_0.conda#d8d7293c5b37f39b2ac32940621c6592
https://conda.anaconda.org/conda-forge/noarch/pybind11-abi-4-hd8ed1ab_3.tar.bz2#878f923dd6acc8aeb47a75da6c4098be
https://conda.anaconda.org/conda-forge/win-64/python_abi-3.9-3_cp39.conda#c7f654abbee61f9a03f54e9064e79e89
https://conda.anaconda.org/conda-forge/noarch/tzdata-2022g-h191b570_0.conda#51fc4fcfb19f5d95ffc8c339db5068e8
https://conda.anaconda.org/conda-forge/win-64/ucrt-10.0.22621.0-h57928b3_0.tar.bz2#72608f6cd3e5898229c3ea16deb1ac43
https://conda.anaconda.org/conda-forge/noarch/fonts-conda-forge-1-0.tar.bz2#f766549260d6815b0c52253f1fb1bb29
https://conda.anaconda.org/conda-forge/win-64/m2w64-gmp-6.1.0-2.tar.bz2#53a1c73e1e3d185516d7e3af177596d9
https://conda.anaconda.org/conda-forge/win-64/m2w64-libwinpthread-git-5.0.0.4634.697f757-2.tar.bz2#774130a326dee16f1ceb05cc687ee4f0
https://conda.anaconda.org/conda-forge/win-64/vs2015_runtime-14.34.31931-h4c5c07a_10.conda#25640086ba777e79e5d233d079d7c5fc
https://conda.anaconda.org/conda-forge/noarch/fonts-conda-ecosystem-1-0.tar.bz2#fee5683a3f04bd15cbd8318b096a27ab
https://conda.anaconda.org/conda-forge/win-64/m2w64-gcc-libs-core-5.3.0-7.tar.bz2#4289d80fb4d272f1f3b56cfe87ac90bd
https://conda.anaconda.org/conda-forge/win-64/vc-14.3-hb6edc58_10.conda#52d246d8d14b83c516229be5bb03a163
https://conda.anaconda.org/conda-forge/win-64/bzip2-1.0.8-h8ffe710_4.tar.bz2#7c03c66026944073040cb19a4f3ec3c9
https://conda.anaconda.org/conda-forge/win-64/draco-1.5.6-h181d51b_0.conda#8daa5664f8e610239c7f5a767bc82291
https://conda.anaconda.org/conda-forge/win-64/eigen-3.4.0-h2d74725_0.tar.bz2#72fab4b0a033b718950cc5d930cbd1a6
https://conda.anaconda.org/conda-forge/win-64/expat-2.5.0-h1537add_0.tar.bz2#6b20c31bd735d2dd5c79ddb5b3524619
https://conda.anaconda.org/conda-forge/win-64/fmt-9.1.0-h181d51b_0.tar.bz2#31a20cf261b2bd0a76d670db1b3e6fa1
https://conda.anaconda.org/conda-forge/win-64/geos-3.11.1-h1537add_0.tar.bz2#97225394895a9c6939175c936ab1a4b0
https://conda.anaconda.org/conda-forge/win-64/gflags-2.2.2-ha925a31_1004.tar.bz2#e9442160f56fa442d4ff3eb2e4cf0f22
https://conda.anaconda.org/conda-forge/win-64/icu-70.1-h0e60522_0.tar.bz2#64073396a905b6df895ab2489fae3847
https://conda.anaconda.org/conda-forge/win-64/jpeg-9e-hcfcfb64_3.conda#824f1e030d224e9e376a4655032fdbc7
https://conda.anaconda.org/conda-forge/win-64/laz-perf-3.3.0-h91493d7_0.conda#477f6d8db14c76163970a23206759875
https://conda.anaconda.org/conda-forge/win-64/lerc-4.0.0-h63175ca_0.tar.bz2#1900cb3cab5055833cfddb0ba233b074
https://conda.anaconda.org/conda-forge/win-64/libaec-1.0.6-h63175ca_1.conda#f98474a8245f55f4a273889dbe7bf193
https://conda.anaconda.org/conda-forge/win-64/libdeflate-1.17-hcfcfb64_0.conda#ae9dfb57bcb42093a2417aceabb530f7
https://conda.anaconda.org/conda-forge/win-64/libffi-3.4.2-h8ffe710_5.tar.bz2#2c96d1b6915b408893f9472569dee135
https://conda.anaconda.org/conda-forge/win-64/libiconv-1.17-h8ffe710_0.tar.bz2#050119977a86e4856f0416e2edcf81bb
https://conda.anaconda.org/conda-forge/win-64/libogg-1.3.4-h8ffe710_1.tar.bz2#04286d905a0dcb7f7d4a12bdfe02516d
https://conda.anaconda.org/conda-forge/win-64/libspatialindex-1.9.3-h39d44d4_4.tar.bz2#51c172496e828258d04eba9971f2af1a
https://conda.anaconda.org/conda-forge/win-64/libsqlite-3.40.0-hcfcfb64_0.tar.bz2#5e5a97795de72f8cc3baf3d9ea6327a2
https://conda.anaconda.org/conda-forge/win-64/libwebp-base-1.2.4-h8ffe710_0.tar.bz2#0a09bd195ebeaff5711ccae93ac132ad
https://conda.anaconda.org/conda-forge/win-64/libzlib-1.2.13-hcfcfb64_4.tar.bz2#0cc5c5cc64ee1637f37f8540a175854c
https://conda.anaconda.org/conda-forge/win-64/lz4-c-1.9.4-hcfcfb64_0.conda#e34720eb20a33fc3bfb8451dd837ab7a
https://conda.anaconda.org/conda-forge/win-64/lzo-2.10-he774522_1000.tar.bz2#d5cf4b7eaa52316f135eed9e8548ad57
https://conda.anaconda.org/conda-forge/win-64/m2w64-gcc-libgfortran-5.3.0-6.tar.bz2#066552ac6b907ec6d72c0ddab29050dc
https://conda.anaconda.org/conda-forge/win-64/nitro-2.7.dev6-h1537add_5.conda#5c6ebfac6bb4ec5cc62a256a090fa099
https://conda.anaconda.org/conda-forge/win-64/openssl-3.0.8-hcfcfb64_0.conda#46cd47b2c18522b98c34e5101e583137
https://conda.anaconda.org/conda-forge/win-64/pixman-0.40.0-h8ffe710_0.tar.bz2#32b45d3fcffddc84cc1a014a0b5f0d58
https://conda.anaconda.org/conda-forge/win-64/pthreads-win32-2.9.1-hfa6e2cd_3.tar.bz2#e2da8758d7d51ff6aa78a14dfb9dbed4
https://conda.anaconda.org/conda-forge/win-64/reproc-14.2.4-hcfcfb64_0.conda#059e1351c1affff15b16aec51c6967a6
https://conda.anaconda.org/conda-forge/win-64/snappy-1.1.9-hfb803bf_2.tar.bz2#073b08c65807f205d990ace14ccacdb2
https://conda.anaconda.org/conda-forge/win-64/tk-8.6.12-h8ffe710_0.tar.bz2#c69a5047cc9291ae40afd4a1ad6f0c0f
https://conda.anaconda.org/conda-forge/win-64/xerces-c-3.2.4-h63175ca_1.tar.bz2#b026982f81a6aba1e8ce2525ba640632
https://conda.anaconda.org/conda-forge/win-64/xz-5.2.6-h8d14728_0.tar.bz2#515d77642eaa3639413c6b1bc3f94219
https://conda.anaconda.org/conda-forge/win-64/yaml-0.2.5-h8ffe710_2.tar.bz2#adbfb9f45d1004a26763652246a33764
https://conda.anaconda.org/conda-forge/win-64/yaml-cpp-0.7.0-h63175ca_2.tar.bz2#27c8a78ba0cd18268cfc7b04c5512162
https://conda.anaconda.org/conda-forge/win-64/exiv2-0.27.6-hadc2d18_1.conda#73e216ee325398fdaa139cc5c175c31d
https://conda.anaconda.org/conda-forge/win-64/freexl-1.0.6-h67ca5e6_1.tar.bz2#7ddb6e879c46e78eec37f956b3ffe743
https://conda.anaconda.org/conda-forge/win-64/gettext-0.21.1-h5728263_0.tar.bz2#299d4fd6798a45337042ff5a48219e5f
https://conda.anaconda.org/conda-forge/win-64/glog-0.6.0-h4797de2_0.tar.bz2#fdc11ab9a621f009995e89f52bea3004
https://conda.anaconda.org/conda-forge/win-64/krb5-1.20.1-heb0366b_0.conda#a07b05ee8f451ab15698397185efe989
https://conda.anaconda.org/conda-forge/win-64/libclang13-15.0.7-default_h77d9078_1.conda#799890c6c093e7a64ea0dcb3d4f90115
https://conda.anaconda.org/conda-forge/win-64/libpng-1.6.39-h19919ed_0.conda#ab6febdb2dbd9c00803609079db4de71
https://conda.anaconda.org/conda-forge/win-64/libprotobuf-3.21.12-h12be248_0.conda#065644957b64030c520c732a0b7eb43d
https://conda.anaconda.org/conda-forge/win-64/librttopo-1.1.0-he22b5cd_12.tar.bz2#115a51fda72ff01d7b7eb275183d6c72
https://conda.anaconda.org/conda-forge/win-64/libsolv-0.7.23-h12be248_0.conda#4955aac5971a11e1b79c47912645b9e2
https://conda.anaconda.org/conda-forge/win-64/libssh2-1.10.0-h9a1e1f7_3.tar.bz2#c2b344e960a173c777bb3ed172c38cd8
https://conda.anaconda.org/conda-forge/win-64/libvorbis-1.3.7-h0e60522_0.tar.bz2#e1a22282de0169c93e4ffe6ce6acc212
https://conda.anaconda.org/conda-forge/win-64/libwebp-1.2.4-hcfcfb64_1.conda#ccde94ca6504af175b76f654bcad6e9f
https://conda.anaconda.org/conda-forge/win-64/libxml2-2.10.3-hc3477c8_0.tar.bz2#6dcf17bf780618ddb559d992ea3b6961
https://conda.anaconda.org/conda-forge/win-64/libzip-1.9.2-h519de47_1.tar.bz2#9c3138e53e36c0c161a23d20db91297b
https://conda.anaconda.org/conda-forge/win-64/m2w64-gcc-libs-5.3.0-7.tar.bz2#fe759119b8b3bfa720b8762c6fdc35de
https://conda.anaconda.org/conda-forge/win-64/pcre2-10.40-h17e33f8_0.tar.bz2#2519de0d9620dc2bc7e19caf6867136d
https://conda.anaconda.org/conda-forge/win-64/python-3.9.16-h4de0772_0_cpython.conda#83b66ea4ff5c437502a06cd2de8cd681
https://conda.anaconda.org/conda-forge/win-64/reproc-cpp-14.2.4-h63175ca_0.conda#a9ee9bbbbda9b32ec690c4909146770d
https://conda.anaconda.org/conda-forge/win-64/sqlite-3.40.0-hcfcfb64_0.tar.bz2#c71d4be22d8402e7e17386aeb18b930e
https://conda.anaconda.org/conda-forge/win-64/zlib-1.2.13-hcfcfb64_4.tar.bz2#eed9fec3e6d2e8865135b09d24ca040c
https://conda.anaconda.org/conda-forge/win-64/zstd-1.5.2-h12be248_6.conda#62826565682d013b3e2346aaf7bded0e
https://conda.anaconda.org/conda-forge/noarch/attrs-22.2.0-pyh71513ae_0.conda#8b76db7818a4e401ed4486c4c1635cd9
https://conda.anaconda.org/conda-forge/win-64/blosc-1.21.3-hdccc3a2_0.conda#b3fe9abd77808553a7d0a0cbf73b6ec9
https://conda.anaconda.org/conda-forge/win-64/boost-cpp-1.78.0-h9f4b32c_1.tar.bz2#11a4273e974d63a99da36b89d6f918a9
https://conda.anaconda.org/conda-forge/noarch/certifi-2022.12.7-pyhd8ed1ab_0.conda#fb9addc3db06e56abe03e0e9f21a63e6
https://conda.anaconda.org/conda-forge/noarch/charset-normalizer-2.1.1-pyhd8ed1ab_0.tar.bz2#c1d5b294fbf9a795dec349a6f4d8be8e
https://conda.anaconda.org/conda-forge/noarch/colorama-0.4.6-pyhd8ed1ab_0.tar.bz2#3faab06a954c2a04039983f2c4a50d99
https://conda.anaconda.org/conda-forge/noarch/crashtest-0.4.1-pyhd8ed1ab_0.tar.bz2#709a2295dd907bb34afb57d54320642f
https://conda.anaconda.org/conda-forge/noarch/dataclasses-0.8-pyhc8e2a94_3.tar.bz2#a362b2124b06aad102e2ee4581acee7d
https://conda.anaconda.org/conda-forge/noarch/distlib-0.3.6-pyhd8ed1ab_0.tar.bz2#b65b4d50dbd2d50fa0aeac367ec9eed7
https://conda.anaconda.org/conda-forge/noarch/filelock-3.9.0-pyhd8ed1ab_0.conda#1addc115923d646ca19ed90edc413506
https://conda.anaconda.org/conda-forge/win-64/freetype-2.12.1-h546665d_1.conda#1b513009cd012591f3fdc9e03a74ec0a
https://conda.anaconda.org/conda-forge/noarch/future-0.18.3-pyhd8ed1ab_0.conda#fec8329fc739090f26a7d7803db254f1
https://conda.anaconda.org/conda-forge/win-64/hdf4-4.2.15-h1b1b6ef_5.tar.bz2#bfb6a2d82ef9a30455cc0900d89eed20
https://conda.anaconda.org/conda-forge/noarch/idna-3.4-pyhd8ed1ab_0.tar.bz2#34272b248891bddccc64479f9a7fffed
https://conda.anaconda.org/conda-forge/win-64/libarchive-3.6.2-h27c7867_0.conda#6e1fc6cfaa26186dd5abd5df8d732193
https://conda.anaconda.org/conda-forge/win-64/libclang-15.0.7-default_h77d9078_1.conda#bb88f267b895a8156c75ff119670812d
https://conda.anaconda.org/conda-forge/win-64/libcurl-7.88.1-h68f0423_0.conda#382f59d4d1e98d89b32402c07e7c5017
https://conda.anaconda.org/conda-forge/win-64/libglib-2.74.1-he8f3873_1.tar.bz2#09e1cbabfd9d733729843c3b35cb0b6d
https://conda.anaconda.org/conda-forge/win-64/libhwloc-2.9.0-h51c2c0f_0.conda#6cbde93c514acb846762631c15c5d3c2
https://conda.anaconda.org/conda-forge/win-64/libpq-15.2-ha9684e8_0.conda#dd4e0f2881b08f08b76c2c4d1763b38a
https://conda.anaconda.org/conda-forge/win-64/libtiff-4.5.0-hf8721a0_2.conda#2e003e276cc1375192569c96afd3d984
https://conda.anaconda.org/conda-forge/win-64/libxslt-1.1.37-h0192164_0.tar.bz2#58a3caeeb5827ce15243ec89791d0caa
https://conda.anaconda.org/conda-forge/noarch/lockfile-0.12.2-py_1.tar.bz2#c104d98e09c47519950cffb8dd5b4f10
https://conda.anaconda.org/conda-forge/win-64/markupsafe-2.1.2-py39ha55989b_0.conda#31cc450a9c33c89efce33693e3977b01
https://conda.anaconda.org/conda-forge/win-64/menuinst-1.4.19-py39hcbf5309_1.tar.bz2#2204308332338a3acb8e501c7ab6148e
https://conda.anaconda.org/conda-forge/noarch/mock-5.0.1-pyhd8ed1ab_0.conda#2938496cc6ab759a14be351c5a4cc76d
https://conda.anaconda.org/conda-forge/noarch/more-itertools-9.1.0-pyhd8ed1ab_0.conda#1698a717f83cfecf644a877c174c84bd
https://conda.anaconda.org/conda-forge/win-64/msgpack-python-1.0.4-py39h1f6ef14_1.tar.bz2#9afe90a33529768bb9854058398d620c
https://conda.anaconda.org/conda-forge/noarch/packaging-23.0-pyhd8ed1ab_0.conda#1ff2e3ca41f0ce16afec7190db28288b
https://conda.anaconda.org/conda-forge/noarch/pkginfo-1.9.6-pyhd8ed1ab_0.conda#be1e9f1c65a1ed0f2ae9352fec99db64
https://conda.anaconda.org/conda-forge/noarch/pkgutil-resolve-name-1.3.10-pyhd8ed1ab_0.tar.bz2#89e3c7cdde7d3aaa2aee933b604dd07f
https://conda.anaconda.org/conda-forge/noarch/pluggy-1.0.0-pyhd8ed1ab_5.tar.bz2#7d301a0d25f424d96175f810935f0da9
https://conda.anaconda.org/conda-forge/noarch/ply-3.11-py_1.tar.bz2#7205635cd71531943440fbfe3b6b5727
https://conda.anaconda.org/conda-forge/noarch/ptyprocess-0.7.0-pyhd3deb0d_0.tar.bz2#359eeb6536da0e687af562ed265ec263
https://conda.anaconda.org/conda-forge/win-64/pycosat-0.6.4-py39ha55989b_1.tar.bz2#37fda79eadde5a08bb7e528994ed909c
https://conda.anaconda.org/conda-forge/noarch/pycparser-2.21-pyhd8ed1ab_0.tar.bz2#076becd9e05608f8dc72757d5f3a91ff
https://conda.anaconda.org/conda-forge/noarch/pyparsing-3.0.9-pyhd8ed1ab_0.tar.bz2#e8fbc1b54b25f4b08281467bc13b70cc
https://conda.anaconda.org/conda-forge/win-64/pyrsistent-0.19.3-py39ha55989b_0.conda#3c40136690d8023e73c5dcfe38e03f95
https://conda.anaconda.org/conda-forge/noarch/pytz-2022.7.1-pyhd8ed1ab_0.conda#f59d49a7b464901cf714b9e7984d01a2
https://conda.anaconda.org/conda-forge/win-64/pywin32-ctypes-0.2.0-py39hcbf5309_1006.tar.bz2#4f5484721b826d0aee0a5bbca509324b
https://conda.anaconda.org/conda-forge/win-64/pyyaml-6.0-py39ha55989b_5.tar.bz2#03968ff66723b72b793e94033d0fbb2f
https://conda.anaconda.org/conda-forge/win-64/ruamel.yaml.clib-0.2.7-py39ha55989b_1.conda#8fa8215f1f292c521044c355f05ab507
https://conda.anaconda.org/conda-forge/noarch/setuptools-67.4.0-pyhd8ed1ab_0.conda#c6f4b87020c72e2700e3e94c1fc93b70
https://conda.anaconda.org/conda-forge/noarch/shellingham-1.5.1-pyhd8ed1ab_0.conda#1de44299f48f522caa2e0074231614e1
https://conda.anaconda.org/conda-forge/noarch/six-1.16.0-pyh6c4a22f_0.tar.bz2#e5f25f8dbc060e9a8d912e432202afc2
https://conda.anaconda.org/conda-forge/noarch/tenacity-8.2.2-pyhd8ed1ab_0.conda#7b39e842b52966a99e229739cd4dc36e
https://conda.anaconda.org/conda-forge/noarch/toml-0.10.2-pyhd8ed1ab_0.tar.bz2#f832c45a477c78bebd107098db465095
https://conda.anaconda.org/conda-forge/noarch/tomli-2.0.1-pyhd8ed1ab_0.tar.bz2#5844808ffab9ebdb694585b50ba02a96
https://conda.anaconda.org/conda-forge/noarch/toolz-0.12.0-pyhd8ed1ab_0.tar.bz2#92facfec94bc02d6ccf42e7173831a36
https://conda.anaconda.org/conda-forge/noarch/trove-classifiers-2023.2.20-pyhd8ed1ab_0.conda#6774acff08e0a1b6cbaa694ed3292fcb
https://conda.anaconda.org/conda-forge/noarch/typing-3.10.0.0-pyhd8ed1ab_0.tar.bz2#e6573ac68718f17b9d4f5c8eda3190f2
https://conda.anaconda.org/conda-forge/noarch/typing_extensions-4.4.0-pyha770c72_0.tar.bz2#2d93b130d148d7fc77e583677792fc6a
https://conda.anaconda.org/conda-forge/noarch/webencodings-0.5.1-py_1.tar.bz2#3563be4c5611a44210d9ba0c16113136
https://conda.anaconda.org/conda-forge/noarch/wheel-0.38.4-pyhd8ed1ab_0.tar.bz2#c829cfb8cb826acb9de0ac1a2df0a940
https://conda.anaconda.org/conda-forge/noarch/win_inet_pton-1.1.0-pyhd8ed1ab_6.tar.bz2#30878ecc4bd36e8deeea1e3c151b2e0b
https://conda.anaconda.org/conda-forge/noarch/zipp-3.15.0-pyhd8ed1ab_0.conda#13018819ca8f5b7cc675a8faf1f5fedf
https://conda.anaconda.org/conda-forge/win-64/cffi-1.15.1-py39h68f70e3_3.conda#5e7cb1054cd6f3036a4bdbfe6e23fdfd
https://conda.anaconda.org/conda-forge/win-64/cfitsio-4.2.0-h9ebe7e4_0.conda#cccd314cbeea4f2f70f73c763d9660e8
https://conda.anaconda.org/conda-forge/win-64/coverage-7.2.1-py39ha55989b_0.conda#6f72d9e7851bae16f04c77bece6d1676
https://conda.anaconda.org/conda-forge/win-64/curl-7.88.1-h68f0423_0.conda#692a21a3ee4119c67f6e99f2c903d50b
https://conda.anaconda.org/conda-forge/win-64/fontconfig-2.14.2-hbde0cde_0.conda#08767992f1a4f1336a257af1241034bd
https://conda.anaconda.org/conda-forge/win-64/glib-tools-2.74.1-h12be248_1.tar.bz2#cd93cc622f2fa0f68ddc978cb67a5061
https://conda.anaconda.org/conda-forge/win-64/hdf5-1.12.2-nompi_h57737ce_101.conda#3e2b84f2f7bcf6915d1baa21e5b1a862
https://conda.anaconda.org/conda-forge/noarch/html5lib-1.1-pyh9f0ad1d_0.tar.bz2#b2355343d6315c892543200231d7154a
https://conda.anaconda.org/conda-forge/noarch/httplib2-0.21.0-pyhd8ed1ab_0.tar.bz2#4381bbb62960d2a1796b713093873bcb
https://conda.anaconda.org/conda-forge/noarch/importlib-metadata-4.13.0-pyha770c72_0.conda#80d2ed5fd22d7eb804f70c03f0d40b45
https://conda.anaconda.org/conda-forge/noarch/importlib_resources-5.12.0-pyhd8ed1ab_0.conda#e5fd2260a231ee63b6969f4801082f2b
https://conda.anaconda.org/conda-forge/noarch/jaraco.classes-3.2.3-pyhd8ed1ab_0.tar.bz2#31e4a1506968d017229bdb64695013a1
https://conda.anaconda.org/conda-forge/noarch/jinja2-3.1.2-pyhd8ed1ab_1.tar.bz2#c8490ed5c70966d232fdd389d0dbed37
https://conda.anaconda.org/conda-forge/win-64/lcms2-2.14-ha5c8aab_1.conda#135bd65be6768b2bc84e864e7141ab77
https://conda.anaconda.org/conda-forge/win-64/libkml-1.3.0-hf2ab4e4_1015.tar.bz2#1f50b25e87cefda820cb71fb643bc021
https://conda.anaconda.org/conda-forge/win-64/libmamba-1.3.1-h8a7d157_1.conda#7c3d3a635b0bd66ef4cbc976bdf45de0
https://conda.anaconda.org/conda-forge/win-64/lxml-4.9.2-py39h0942119_0.conda#d5a2e9d6ea1fa662818706c27c707bea
https://conda.anaconda.org/conda-forge/win-64/openjpeg-2.5.0-ha2aaf27_2.conda#db0490689232e8e38c312281df6f31a2
https://conda.anaconda.org/conda-forge/noarch/pexpect-4.8.0-pyh1a96a4e_2.tar.bz2#330448ce4403cc74990ac07c555942a1
https://conda.anaconda.org/conda-forge/noarch/pip-23.0.1-pyhd8ed1ab_0.conda#8025ca83b8ba5430b640b83917c2a6f7
https://conda.anaconda.org/conda-forge/noarch/plotly-5.13.1-pyhd8ed1ab_0.conda#761501a3de96c5855d840f4287a65e77
https://conda.anaconda.org/conda-forge/win-64/postgresql-15.2-hd87cd2b_0.conda#9148e8b6b7ec9e7dedf9bf9987f606cd
https://conda.anaconda.org/conda-forge/win-64/proj-9.1.1-heca977f_2.conda#eb88b5bc4d13493971408c3131022aec
https://conda.anaconda.org/conda-forge/win-64/psycopg2-2.9.3-py39h0213f17_2.conda#c964f0d4c06f9482100843540d25a680
https://conda.anaconda.org/conda-forge/noarch/pygments-2.14.0-pyhd8ed1ab_0.conda#c78cd16b11cd6a295484bd6c8f24bea1
https://conda.anaconda.org/conda-forge/noarch/pysocks-1.7.1-pyh0701188_6.tar.bz2#56cd9fe388baac0e90c7149cfac95b60
https://conda.anaconda.org/conda-forge/noarch/python-dateutil-2.8.2-pyhd8ed1ab_0.tar.bz2#dd999d1cc9f79e67dbb855c8924c7984
https://conda.anaconda.org/conda-forge/win-64/ruamel.yaml-0.17.21-py39ha55989b_2.tar.bz2#30d8df26f34c3039283622f495e4c3d7
https://conda.anaconda.org/conda-forge/win-64/sip-6.7.7-py39h99910a6_0.conda#627f40357258c36fff8d2878310d9746
https://conda.anaconda.org/conda-forge/win-64/tbb-2021.8.0-h91493d7_0.conda#e155410da447d8e37302a561b911dcb8
https://conda.anaconda.org/conda-forge/noarch/tomlkit-0.11.6-pyha770c72_0.tar.bz2#471bf9e605820b59988e830382b8d654
https://conda.anaconda.org/conda-forge/noarch/tqdm-4.64.1-pyhd8ed1ab_0.tar.bz2#5526ff3f88f9db87bb0924b9ce575345
https://conda.anaconda.org/conda-forge/noarch/typing-extensions-4.4.0-hd8ed1ab_0.tar.bz2#be969210b61b897775a0de63cd9e9026
https://conda.anaconda.org/conda-forge/win-64/brotlipy-0.7.0-py39ha55989b_1005.tar.bz2#5ffea1498e831c783af65e274d6c58f5
https://conda.anaconda.org/conda-forge/win-64/cairo-1.16.0-hd694305_1014.tar.bz2#91f08ed9ff25a969ddd06237454dae0d
https://conda.anaconda.org/conda-forge/win-64/cryptography-39.0.1-py39hb6bd5e6_0.conda#66225eb6305298405c6806c680e5e0c2
https://conda.anaconda.org/conda-forge/win-64/geotiff-1.7.1-hc256dc0_6.conda#d147f5504f1b29faa112aa72e9c59599
https://conda.anaconda.org/conda-forge/win-64/glib-2.74.1-h12be248_1.tar.bz2#7564888ab882b9d3aea46355ab7adaca
https://conda.anaconda.org/conda-forge/noarch/importlib_metadata-4.13.0-hd8ed1ab_0.conda#eb09e30f586f5d8f8e8b784824be7017
https://conda.anaconda.org/conda-forge/noarch/jsonschema-4.17.3-pyhd8ed1ab_0.conda#723268a468177cd44568eb8f794e0d80
https://conda.anaconda.org/conda-forge/win-64/kealib-1.5.0-h61be68b_0.conda#59e439387b2ca19699b8ce1f077ebe0a
https://conda.anaconda.org/conda-forge/win-64/libmambapy-1.3.1-py39h608c70e_1.conda#c7fd7811b6d2037e7cbec2634881da92
https://conda.anaconda.org/conda-forge/win-64/libnetcdf-4.9.1-nompi_hc41bf00_101.conda#cc79e202db8167cfc78ce4edfcf43c17
https://conda.anaconda.org/conda-forge/win-64/libspatialite-5.0.1-hfdcade0_23.conda#7661a11b21d23f6f21648a787045b825
https://conda.anaconda.org/conda-forge/win-64/mkl-2022.1.0-h6a75c08_874.tar.bz2#2ff89a7337a9636029b4db9466e9f8e3
https://conda.anaconda.org/conda-forge/noarch/nose2-0.9.2-py_0.tar.bz2#6016c166523ee4955697bccbde8700bf
https://conda.anaconda.org/conda-forge/noarch/platformdirs-2.6.2-pyhd8ed1ab_0.conda#0b4cc3f8181b0d8446eb5387d7848a54
https://conda.anaconda.org/conda-forge/noarch/poetry-core-1.4.0-pyhd8ed1ab_0.conda#9e9b2959e327aee8a2e547d23fcaf543
https://conda.anaconda.org/conda-forge/win-64/pyproj-3.4.1-py39hc799f2e_1.conda#b4a6e56b9ba3cc0c0ccac4b8f8e33c2a
https://conda.anaconda.org/conda-forge/win-64/pyqt5-sip-12.11.0-py39h99910a6_3.conda#357fa31f4fe2a298a48475d9234146c6
https://conda.anaconda.org/conda-forge/win-64/tiledb-2.13.2-h3132609_0.conda#07426c5e1301448738f66686548d41ff
https://conda.anaconda.org/conda-forge/win-64/zstandard-0.19.0-py39h95af829_1.conda#0252f1543f56f038f552af49ab907a7c
https://conda.anaconda.org/conda-forge/noarch/conda-package-streaming-0.7.0-pyhd8ed1ab_1.conda#1a2fa9e53cfbc2e4d9ab21990805a436
https://conda.anaconda.org/conda-forge/win-64/gstreamer-1.22.0-h6b5321d_0.conda#026f6bd4f819dd5cdbcdd6c11e3e2864
https://conda.anaconda.org/conda-forge/win-64/keyring-23.13.1-py39hcbf5309_0.conda#a18cc6e0aff1726685341f384141ecb5
https://conda.anaconda.org/conda-forge/win-64/libblas-3.9.0-16_win64_mkl.tar.bz2#d2e6f4e86cee2b4e8c27ff6884ccdc61
https://conda.anaconda.org/conda-forge/win-64/mkl-devel-2022.1.0-h57928b3_875.tar.bz2#6319a06307af296c1dfae93687c283b2
https://conda.anaconda.org/conda-forge/noarch/poetry-plugin-export-1.3.0-pyhd8ed1ab_0.conda#49ef37e35e6525899a83930d825c4974
https://conda.anaconda.org/conda-forge/win-64/poppler-23.01.0-h183ae7b_0.conda#e783b13dd5053ac11ecb77b0edc8eafc
https://conda.anaconda.org/conda-forge/noarch/pyopenssl-23.0.0-pyhd8ed1ab_0.conda#d41957700e83bbb925928764cb7f8878
https://conda.anaconda.org/conda-forge/win-64/virtualenv-20.16.5-py39hcbf5309_1.tar.bz2#286cbbef9ec77b40bebee3ec14e5a146
https://conda.anaconda.org/conda-forge/noarch/conda-package-handling-2.0.2-pyh38be061_0.conda#44800e9bd13143292097c65e57323038
https://conda.anaconda.org/conda-forge/win-64/gst-plugins-base-1.22.0-h001b923_0.conda#773d1efb56973c2fdda3b40cb27aa4a9
https://conda.anaconda.org/conda-forge/win-64/libcblas-3.9.0-16_win64_mkl.tar.bz2#14c2fb03b2bb14dfa3806186ca91d557
https://conda.anaconda.org/conda-forge/win-64/libgdal-3.6.2-h329cd9e_7.conda#cd3aac35b5f2a45a1daff57830a627b7
https://conda.anaconda.org/conda-forge/win-64/liblapack-3.9.0-16_win64_mkl.tar.bz2#be2f9d5712a5bb05cd900005ee752a05
https://conda.anaconda.org/conda-forge/noarch/urllib3-1.26.14-pyhd8ed1ab_0.conda#01f33ad2e0aaf6b5ba4add50dad5ad29
https://conda.anaconda.org/conda-forge/win-64/dulwich-0.20.50-py39ha55989b_0.tar.bz2#1d08b497b743eda5145a6ec476edf810
https://conda.anaconda.org/conda-forge/win-64/gsl-2.7-hdfb1a43_0.tar.bz2#ca5c581b3659140455cf6ae00f6a2ea9
https://conda.anaconda.org/conda-forge/win-64/liblapacke-3.9.0-16_win64_mkl.tar.bz2#983e827b7c9562075c2e74d596d056c1
https://conda.anaconda.org/conda-forge/win-64/numpy-1.24.2-py39h16ffa76_0.conda#22f75ab631b8da1b0e8224f0106f6e59
https://conda.anaconda.org/conda-forge/win-64/qt-main-5.15.8-h720456b_6.conda#3047b05190091b66cf60017b8968a562
https://conda.anaconda.org/conda-forge/noarch/requests-2.28.2-pyhd8ed1ab_0.conda#11d178fc55199482ee48d6812ea83983
https://conda.anaconda.org/conda-forge/win-64/blas-devel-3.9.0-16_win64_mkl.tar.bz2#dc89c75a7dd26c88ac77d64bf313973e
https://conda.anaconda.org/conda-forge/noarch/cachecontrol-0.12.11-pyhd8ed1ab_1.conda#e8f0410e0aa03342304357c5cc3bb75d
https://conda.anaconda.org/conda-forge/win-64/conda-23.1.0-py39hcbf5309_0.conda#52f2b1fa82eb2740642301ac5f35a3d0
https://conda.anaconda.org/conda-forge/win-64/gdal-3.6.2-py39h3be0312_7.conda#90ff44cf60bdc0d8745b468792b41fe4
https://conda.anaconda.org/conda-forge/noarch/owslib-0.28.1-pyhd8ed1ab_0.conda#4deff6a696a3c1af3d775a7cb981d315
https://conda.anaconda.org/conda-forge/win-64/pyqt-5.15.7-py39hb77abff_3.conda#9a993f314551fd258ab60ea8a466da19
https://conda.anaconda.org/conda-forge/win-64/qca-2.3.5-h2624d1c_3.conda#39d37d7e8de1c6b638fa9a28afca082b
https://conda.anaconda.org/conda-forge/win-64/qjson-0.9.0-h04a78d6_1009.conda#15ca50e6685911bbd359d218522350bb
https://conda.anaconda.org/conda-forge/win-64/qtkeychain-0.13.2-h04a78d6_2.conda#693334c487869b95ae94dedc7acdcc6a
https://conda.anaconda.org/conda-forge/win-64/qtwebkit-5.212-h992fabe_8.conda#43c6576895589f4378c6152d3e675b41
https://conda.anaconda.org/conda-forge/win-64/qwt-6.2.0-h07be427_5.conda#a2f5e1d595625b2db7551fe43ff638ce
https://conda.anaconda.org/conda-forge/win-64/rapidfuzz-2.13.7-py39h99910a6_0.conda#7db79b8aa4aff9c50d5f2ad365e334f6
https://conda.anaconda.org/conda-forge/noarch/requests-toolbelt-0.10.1-pyhd8ed1ab_0.tar.bz2#a4cd20af9711434f89d1ec0d2b3ae6ba
https://conda.anaconda.org/conda-forge/win-64/suitesparse-5.4.0-h5d0cbe0_1.tar.bz2#8e4e4dd1a046c7782b6637f362309d68
https://conda.anaconda.org/conda-forge/win-64/blas-2.116-mkl.tar.bz2#7529860b43278247a278c6f56a191d2e
https://conda.anaconda.org/conda-forge/win-64/ceres-solver-2.1.0-hb02fd38_1.tar.bz2#cf32e31362fc832f9f2c0ec010366f66
https://conda.anaconda.org/conda-forge/noarch/cleo-2.0.1-pyhd8ed1ab_0.conda#f1c5f2af6676cbe9206e191d1e70f661
https://conda.anaconda.org/conda-forge/win-64/mamba-1.3.1-py39hca8391b_1.conda#de6be4b3438bf1cd9295a610047eecd2
https://conda.anaconda.org/conda-forge/win-64/pyqtwebkit-5.15.9-py39h2f4a3f1_1.conda#126b8aa6db2b9443110cfd459c7a0473
https://conda.anaconda.org/conda-forge/win-64/qscintilla2-2.13.4-py39h2f4a3f1_0.conda#8a446a2b31fbbde4cc6179a747b3684e
https://conda.anaconda.org/conda-forge/win-64/pdal-2.5.1-h2d23c47_1.conda#f27bc970633e73359eca50a6b529a1ee
https://conda.anaconda.org/conda-forge/noarch/poetry-1.3.2-win_pyhd8ed1ab_0.conda#5f96f150ae52928c4b9ae85fb5488356
https://conda.anaconda.org/conda-forge/win-64/qgis-3.28.3-py39h4b9f4ad_1.conda#fb5dd749e08b2be7a5e35e73d07b69f1
