# Generated by conda-lock.
# platform: osx-arm64
# input_hash: ff1aab899b03c3850a44d3be840d0f65ced47bd01adb7dbda5fa6e17bdeb3a31
@EXPLICIT
https://conda.anaconda.org/conda-forge/osx-arm64/bzip2-1.0.8-h3422bc3_4.tar.bz2#fc76ace7b94fb1f694988ab1b14dd248
https://conda.anaconda.org/conda-forge/osx-arm64/c-ares-1.18.1-h3422bc3_0.tar.bz2#5dd04dad345af4f1e8f3f0d5afc03b67
https://conda.anaconda.org/conda-forge/osx-arm64/ca-certificates-2022.12.7-h4653dfc_0.conda#7dc111916edc905957b7417a247583b6
https://conda.anaconda.org/conda-forge/noarch/font-ttf-dejavu-sans-mono-2.37-hab24e00_0.tar.bz2#0c96522c6bdaed4b1566d11387caaf45
https://conda.anaconda.org/conda-forge/noarch/font-ttf-inconsolata-3.000-h77eed37_0.tar.bz2#34893075a5c9e55cdafac56607368fc6
https://conda.anaconda.org/conda-forge/noarch/font-ttf-source-code-pro-2.038-h77eed37_0.tar.bz2#4d59c254e01d9cde7957100457e2d5fb
https://conda.anaconda.org/conda-forge/noarch/font-ttf-ubuntu-0.83-hab24e00_0.tar.bz2#19410c3df09dfb12d1206132a1d357c5
https://conda.anaconda.org/conda-forge/osx-arm64/freexl-1.0.6-h1a8c8d9_1.tar.bz2#f9e99c94afe28d7558a5dd106fef0936
https://conda.anaconda.org/conda-forge/osx-arm64/giflib-5.2.1-h27ca646_2.tar.bz2#fcfaa10e989b15ef30f93b6329c35add
https://conda.anaconda.org/conda-forge/osx-arm64/jpeg-9e-h1a8c8d9_3.conda#ef1cce2ab799e0c2f32c3344125ff218
https://conda.anaconda.org/conda-forge/osx-arm64/json-c-0.16-hc449e50_0.tar.bz2#0091e6c603f58202c026d3e63fc93f39
https://conda.anaconda.org/conda-forge/osx-arm64/libcxx-15.0.7-h75e25f2_0.conda#16d9581f4cdc3406a059a607dd2ed816
https://conda.anaconda.org/conda-forge/osx-arm64/libdeflate-1.17-h1a8c8d9_0.conda#cae34d3f6ab02e0abf92ec3caaf0bd39
https://conda.anaconda.org/conda-forge/osx-arm64/libev-4.33-h642e427_1.tar.bz2#566dbf70fe79eacdb3c3d3d195a27f55
https://conda.anaconda.org/conda-forge/osx-arm64/libffi-3.4.2-h3422bc3_5.tar.bz2#086914b672be056eb70fd4285b6783b6
https://conda.anaconda.org/conda-forge/osx-arm64/libiconv-1.17-he4db4b2_0.tar.bz2#686f9c755574aa221f29fbcf36a67265
https://conda.anaconda.org/conda-forge/osx-arm64/libogg-1.3.4-h27ca646_1.tar.bz2#fb211883ad5716e398b974a9cde9d78e
https://conda.anaconda.org/conda-forge/osx-arm64/libopus-1.3.1-h27ca646_1.tar.bz2#3d0dbee0ccd2f6d6781d270313627b62
https://conda.anaconda.org/conda-forge/osx-arm64/libtasn1-4.19.0-h1a8c8d9_0.tar.bz2#c35bc17c31579789c76739486fc6d27a
https://conda.anaconda.org/conda-forge/osx-arm64/libwebp-base-1.2.4-h57fd34a_0.tar.bz2#23f90b9f28c585445c52184a3388d01d
https://conda.anaconda.org/conda-forge/osx-arm64/libzlib-1.2.13-h03a7124_4.tar.bz2#780852dc54c4c07e64b276a97f89c162
https://conda.anaconda.org/conda-forge/osx-arm64/llvm-openmp-15.0.7-h7cfbb63_0.conda#358164e15a9320f11b84a53fb8d8e446
https://conda.anaconda.org/conda-forge/osx-arm64/lzo-2.10-h642e427_1000.tar.bz2#ddab5f96f5573a9bd5e24f9994fd6ec9
https://conda.anaconda.org/conda-forge/osx-arm64/metis-5.1.0-h9f76cd9_1006.tar.bz2#f77d9809ca7c6b8482a66685d4cf55c9
https://conda.anaconda.org/conda-forge/osx-arm64/ncurses-6.3-h07bb92c_1.tar.bz2#db86e5a978380a13f5559f97afdfe99d
https://conda.anaconda.org/conda-forge/osx-arm64/pixman-0.40.0-h27ca646_0.tar.bz2#0cedfe37c9aee28f5e926a870965466a
https://conda.anaconda.org/conda-forge/noarch/poppler-data-0.4.12-hd8ed1ab_0.conda#d8d7293c5b37f39b2ac32940621c6592
https://conda.anaconda.org/conda-forge/noarch/pybind11-abi-4-hd8ed1ab_3.tar.bz2#878f923dd6acc8aeb47a75da6c4098be
https://conda.anaconda.org/conda-forge/osx-arm64/python_abi-3.9-3_cp39.conda#f8fb5fb65327a2429b084833c8ff1dbc
https://conda.anaconda.org/conda-forge/osx-arm64/reproc-14.2.4-h1a8c8d9_0.conda#2926452d62f061150e61a244557ab6a9
https://conda.anaconda.org/conda-forge/osx-arm64/tzcode-2022g-h1a8c8d9_0.conda#bae4ee8009209ecc0fbdb0c1581adff1
https://conda.anaconda.org/conda-forge/noarch/tzdata-2022g-h191b570_0.conda#51fc4fcfb19f5d95ffc8c339db5068e8
https://conda.anaconda.org/conda-forge/osx-arm64/xz-5.2.6-h57fd34a_0.tar.bz2#39c6b54e94014701dd157f4f576ed211
https://conda.anaconda.org/conda-forge/osx-arm64/yaml-0.2.5-h3422bc3_2.tar.bz2#4bb3f014845110883a3c5ee811fd84b4
https://conda.anaconda.org/conda-forge/osx-arm64/draco-1.5.6-hffc8910_0.conda#e1fd6f57316492dbe13ef7e07d34cc94
https://conda.anaconda.org/conda-forge/osx-arm64/eigen-3.4.0-hc021e02_0.tar.bz2#1ab85356c868376768df642be47c808a
https://conda.anaconda.org/conda-forge/osx-arm64/expat-2.5.0-hb7217d7_0.tar.bz2#88defcdff52e5c8b7238239bc53c02d2
https://conda.anaconda.org/conda-forge/osx-arm64/fmt-9.1.0-hffc8910_0.tar.bz2#78c11e6b1e971d49e9610d856a845d2f
https://conda.anaconda.org/conda-forge/noarch/fonts-conda-forge-1-0.tar.bz2#f766549260d6815b0c52253f1fb1bb29
https://conda.anaconda.org/conda-forge/osx-arm64/geos-3.11.1-hb7217d7_0.tar.bz2#945d93c362ba338531455e0f0cf54ae2
https://conda.anaconda.org/conda-forge/osx-arm64/gettext-0.21.1-h0186832_0.tar.bz2#63d2ff6fddfa74e5458488fd311bf635
https://conda.anaconda.org/conda-forge/osx-arm64/gflags-2.2.2-hc88da5d_1004.tar.bz2#aab9ddfad863e9ef81229a1f8852211b
https://conda.anaconda.org/conda-forge/osx-arm64/gmp-6.2.1-h9f76cd9_0.tar.bz2#f8140773b6ca51bf32feec9b4290a8c5
https://conda.anaconda.org/conda-forge/osx-arm64/icu-70.1-h6b3803e_0.tar.bz2#5fbe318a6be2e8d0f9b0b0c730a62748
https://conda.anaconda.org/conda-forge/osx-arm64/laz-perf-3.3.0-hffc8910_0.conda#d9e48909c3bfa2ede1e8a918b2757b6b
https://conda.anaconda.org/conda-forge/osx-arm64/lerc-4.0.0-h9a09cb3_0.tar.bz2#de462d5aacda3b30721b512c5da4e742
https://conda.anaconda.org/conda-forge/osx-arm64/libaec-1.0.6-hb7217d7_1.conda#4f04770bf6f12d22fb6c1d91a04e0c8c
https://conda.anaconda.org/conda-forge/osx-arm64/libedit-3.1.20191231-hc8eb9b7_2.tar.bz2#30e4362988a2623e9eb34337b83e01f9
https://conda.anaconda.org/conda-forge/osx-arm64/libgfortran5-11.3.0-hdaf2cc0_28.conda#21e620d9f8e17c55dc47dfc687de5185
https://conda.anaconda.org/conda-forge/osx-arm64/libllvm14-14.0.6-hf6e71e7_1.tar.bz2#2ec0ff9a370305311ce222bcb085b72d
https://conda.anaconda.org/conda-forge/osx-arm64/libpng-1.6.39-h76d750c_0.conda#0078e6327c13cfdeae6ff7601e360383
https://conda.anaconda.org/conda-forge/osx-arm64/libprotobuf-3.21.12-hb5ab8b9_0.conda#7adb342474af442e3842c422f07fbf68
https://conda.anaconda.org/conda-forge/osx-arm64/libsolv-0.7.23-hb5ab8b9_0.conda#5969086c3e60b8be805f1878816330d1
https://conda.anaconda.org/conda-forge/osx-arm64/libspatialindex-1.9.3-hbdafb3b_4.tar.bz2#311816a2511df4bceeeebe7c06af63e7
https://conda.anaconda.org/conda-forge/osx-arm64/libsqlite-3.40.0-h76d750c_0.tar.bz2#d090fcec993f4ef0a90e6df7f231a273
https://conda.anaconda.org/conda-forge/osx-arm64/libvorbis-1.3.7-h9f76cd9_0.tar.bz2#92a1a88d1a1d468c19d9e1659ac8d3df
https://conda.anaconda.org/conda-forge/osx-arm64/lz4-c-1.9.4-hb7217d7_0.conda#45505bec548634f7d05e02fb25262cb9
https://conda.anaconda.org/conda-forge/osx-arm64/nitro-2.7.dev6-hb7217d7_5.conda#7ebc877d698364fb43e0ef514f4a9d65
https://conda.anaconda.org/conda-forge/osx-arm64/nspr-4.35-hb7217d7_0.conda#f81b5ec944dbbcff3dd08375eb036efa
https://conda.anaconda.org/conda-forge/osx-arm64/openssl-3.0.8-h03a7124_0.conda#accdc6784b8ae5dd618a9e76f4c3af36
https://conda.anaconda.org/conda-forge/osx-arm64/pcre2-10.40-hb34f9b4_0.tar.bz2#721b7288270bafc83586b0f01c2a67f2
https://conda.anaconda.org/conda-forge/osx-arm64/readline-8.1.2-h46ed386_0.tar.bz2#dc790f296d94409efb3f22af84ee968d
https://conda.anaconda.org/conda-forge/osx-arm64/reproc-cpp-14.2.4-hb7217d7_0.conda#49f41035f14412b5b27d1e2382d00f02
https://conda.anaconda.org/conda-forge/osx-arm64/snappy-1.1.9-h17c5cce_2.tar.bz2#a0735d35df2c7146f49705c286502cef
https://conda.anaconda.org/conda-forge/osx-arm64/tbb-2021.8.0-hffc8910_0.conda#3c07cb885fad4d67b267d45e0b2486be
https://conda.anaconda.org/conda-forge/osx-arm64/tk-8.6.12-he1e0b03_0.tar.bz2#2cb3d18eac154109107f093860bd545f
https://conda.anaconda.org/conda-forge/osx-arm64/yaml-cpp-0.7.0-hb7217d7_2.tar.bz2#1ba3d7af8b182ae33d49e4bb567076d3
https://conda.anaconda.org/conda-forge/osx-arm64/zlib-1.2.13-h03a7124_4.tar.bz2#34161cff4e29cc45e536abf2f13fd6b4
https://conda.anaconda.org/conda-forge/osx-arm64/zstd-1.5.2-hf913c23_6.conda#8f346953ef63bf5fb482488a659adcf3
https://conda.anaconda.org/conda-forge/osx-arm64/blosc-1.21.3-h1d6ff8b_0.conda#827988373085c97417e51c30e40967c3
https://conda.anaconda.org/conda-forge/osx-arm64/boost-cpp-1.78.0-h1cb353e_1.tar.bz2#f2a34b853f0aeee4db721a1f70da6905
https://conda.anaconda.org/conda-forge/osx-arm64/exiv2-0.27.6-h98a1b47_1.conda#981a8fbcf123fbee26c42132fa4a759a
https://conda.anaconda.org/conda-forge/noarch/fonts-conda-ecosystem-1-0.tar.bz2#fee5683a3f04bd15cbd8318b096a27ab
https://conda.anaconda.org/conda-forge/osx-arm64/freetype-2.12.1-hd633e50_1.conda#33ea6326e26d1da25eb8dfa768195b82
https://conda.anaconda.org/conda-forge/osx-arm64/glog-0.6.0-h6da1cb0_0.tar.bz2#5a570729c7709399cf8511aeeda6f989
https://conda.anaconda.org/conda-forge/osx-arm64/hdf4-4.2.15-h1a38d6a_5.tar.bz2#33632080213c000ced85118a4265256d
https://conda.anaconda.org/conda-forge/osx-arm64/krb5-1.20.1-h69eda48_0.conda#a85db53e45b1173f270fc998dd40ec03
https://conda.anaconda.org/conda-forge/osx-arm64/libclang13-14.0.6-default_he70ec0d_0.tar.bz2#839cbd353de00eb3d477cd82cc489750
https://conda.anaconda.org/conda-forge/osx-arm64/libgfortran-5.0.0-11_3_0_hd922786_28.conda#d91a6e1915d3f47dc65180859b75203f
https://conda.anaconda.org/conda-forge/osx-arm64/libglib-2.74.1-h4646484_1.tar.bz2#4321cf67e46674567f419e95bae18522
https://conda.anaconda.org/conda-forge/osx-arm64/libnghttp2-1.52.0-hae82a92_0.conda#1d319e95a0216f801293626a00337712
https://conda.anaconda.org/conda-forge/osx-arm64/librttopo-1.1.0-h844f84d_12.tar.bz2#abf6c60dfde69d6e632780c7b44fff6e
https://conda.anaconda.org/conda-forge/osx-arm64/libssh2-1.10.0-h7a5bd25_3.tar.bz2#1ffa4340e73809db5a7516cb1a7425a7
https://conda.anaconda.org/conda-forge/osx-arm64/libtiff-4.5.0-h5dffbdd_2.conda#8e08eae60de32c940096ee9b4da35685
https://conda.anaconda.org/conda-forge/osx-arm64/libxml2-2.10.3-h87b0503_0.tar.bz2#35980b9d069648c553d9322bc89ecfbf
https://conda.anaconda.org/conda-forge/osx-arm64/libzip-1.9.2-h76ab92c_1.tar.bz2#eee3b4ab0b5b71fbda7900785f3a46fa
https://conda.anaconda.org/conda-forge/osx-arm64/mpfr-4.1.0-h6d7a090_1.tar.bz2#c37f296f76cfb61d4f91613da93789e6
https://conda.anaconda.org/conda-forge/osx-arm64/mysql-common-8.0.32-h518ea0a_0.conda#e7b614fd1d702d81049b01e266d601af
https://conda.anaconda.org/conda-forge/osx-arm64/nss-3.88-h789eff7_0.conda#fbb3a48e2d960b2af828b1e265246acc
https://conda.anaconda.org/conda-forge/osx-arm64/python-3.9.16-hea58f1e_0_cpython.conda#d2dfc4fe1da1624e020334b1000c6a3d
https://conda.anaconda.org/conda-forge/osx-arm64/sqlite-3.40.0-h2229b38_0.tar.bz2#e0176ac0a33639feca897a66ed1fe177
https://conda.anaconda.org/conda-forge/noarch/attrs-22.2.0-pyh71513ae_0.conda#8b76db7818a4e401ed4486c4c1635cd9
https://conda.anaconda.org/conda-forge/noarch/certifi-2022.12.7-pyhd8ed1ab_0.conda#fb9addc3db06e56abe03e0e9f21a63e6
https://conda.anaconda.org/conda-forge/noarch/charset-normalizer-2.1.1-pyhd8ed1ab_0.tar.bz2#c1d5b294fbf9a795dec349a6f4d8be8e
https://conda.anaconda.org/conda-forge/noarch/colorama-0.4.6-pyhd8ed1ab_0.tar.bz2#3faab06a954c2a04039983f2c4a50d99
https://conda.anaconda.org/conda-forge/noarch/crashtest-0.4.1-pyhd8ed1ab_0.tar.bz2#709a2295dd907bb34afb57d54320642f
https://conda.anaconda.org/conda-forge/noarch/dataclasses-0.8-pyhc8e2a94_3.tar.bz2#a362b2124b06aad102e2ee4581acee7d
https://conda.anaconda.org/conda-forge/noarch/distlib-0.3.6-pyhd8ed1ab_0.tar.bz2#b65b4d50dbd2d50fa0aeac367ec9eed7
https://conda.anaconda.org/conda-forge/noarch/filelock-3.9.0-pyhd8ed1ab_0.conda#1addc115923d646ca19ed90edc413506
https://conda.anaconda.org/conda-forge/osx-arm64/fontconfig-2.14.2-h82840c6_0.conda#f77d47ddb6d3cc5b39b9bdf65635afbb
https://conda.anaconda.org/conda-forge/noarch/future-0.18.3-pyhd8ed1ab_0.conda#fec8329fc739090f26a7d7803db254f1
https://conda.anaconda.org/conda-forge/osx-arm64/glib-tools-2.74.1-hb5ab8b9_1.tar.bz2#c21125c7c373474426d5eb8657362c16
https://conda.anaconda.org/conda-forge/noarch/idna-3.4-pyhd8ed1ab_0.tar.bz2#34272b248891bddccc64479f9a7fffed
https://conda.anaconda.org/conda-forge/osx-arm64/lcms2-2.14-h481adae_1.conda#aad4fc7ce783e7d109576df5a9bb78c7
https://conda.anaconda.org/conda-forge/osx-arm64/libarchive-3.6.2-h83f22c9_0.conda#8b59d0f34c4d4db0ee668a5900cc406d
https://conda.anaconda.org/conda-forge/osx-arm64/libclang-14.0.6-default_h81a5282_0.tar.bz2#695bbd10eb6d8bfd19253224cf130089
https://conda.anaconda.org/conda-forge/osx-arm64/libcurl-7.88.1-h9049daf_0.conda#c86bbee944bb640609670ce722fba9a4
https://conda.anaconda.org/conda-forge/osx-arm64/libkml-1.3.0-h41464e4_1015.tar.bz2#6404f2ec1ee91e48175d9e5ee1dbca5f
https://conda.anaconda.org/conda-forge/osx-arm64/libopenblas-0.3.21-openmp_hc731615_3.tar.bz2#2a980a5d8cc34ce70d339b983f9920de
https://conda.anaconda.org/conda-forge/osx-arm64/libpq-15.2-h1a28acd_0.conda#36fd96c2586fb726f9aa4dccea769efa
https://conda.anaconda.org/conda-forge/osx-arm64/libwebp-1.2.4-h999c80f_1.conda#8e0866db2c7808ad9058848c47e6d6ff
https://conda.anaconda.org/conda-forge/osx-arm64/libxslt-1.1.37-h1bd8bc4_0.tar.bz2#4747f57c89c82bcd05a785dc928c6a99
https://conda.anaconda.org/conda-forge/noarch/lockfile-0.12.2-py_1.tar.bz2#c104d98e09c47519950cffb8dd5b4f10
https://conda.anaconda.org/conda-forge/osx-arm64/markupsafe-2.1.2-py39h02fc5c5_0.conda#525d6fb3283d4b90cd9f92c9811214af
https://conda.anaconda.org/conda-forge/noarch/mock-5.0.1-pyhd8ed1ab_0.conda#2938496cc6ab759a14be351c5a4cc76d
https://conda.anaconda.org/conda-forge/noarch/more-itertools-9.1.0-pyhd8ed1ab_0.conda#1698a717f83cfecf644a877c174c84bd
https://conda.anaconda.org/conda-forge/osx-arm64/msgpack-python-1.0.4-py39haaf3ac1_1.tar.bz2#69aa331a4a84802bdc3a003a98b454aa
https://conda.anaconda.org/conda-forge/osx-arm64/mysql-libs-8.0.32-hcb599eb_0.conda#8562b43824c641a1a4c6cae3e2c13bd2
https://conda.anaconda.org/conda-forge/osx-arm64/openjpeg-2.5.0-hbc2ba62_2.conda#c3e184f0810a4614863569488b1ac709
https://conda.anaconda.org/conda-forge/noarch/packaging-23.0-pyhd8ed1ab_0.conda#1ff2e3ca41f0ce16afec7190db28288b
https://conda.anaconda.org/conda-forge/noarch/pkginfo-1.9.6-pyhd8ed1ab_0.conda#be1e9f1c65a1ed0f2ae9352fec99db64
https://conda.anaconda.org/conda-forge/noarch/pkgutil-resolve-name-1.3.10-pyhd8ed1ab_0.tar.bz2#89e3c7cdde7d3aaa2aee933b604dd07f
https://conda.anaconda.org/conda-forge/noarch/pluggy-1.0.0-pyhd8ed1ab_5.tar.bz2#7d301a0d25f424d96175f810935f0da9
https://conda.anaconda.org/conda-forge/noarch/ply-3.11-py_1.tar.bz2#7205635cd71531943440fbfe3b6b5727
https://conda.anaconda.org/conda-forge/noarch/ptyprocess-0.7.0-pyhd3deb0d_0.tar.bz2#359eeb6536da0e687af562ed265ec263
https://conda.anaconda.org/conda-forge/osx-arm64/pycosat-0.6.4-py39h02fc5c5_1.tar.bz2#ac743ab09d850ad189f1bb4db4d51b94
https://conda.anaconda.org/conda-forge/noarch/pycparser-2.21-pyhd8ed1ab_0.tar.bz2#076becd9e05608f8dc72757d5f3a91ff
https://conda.anaconda.org/conda-forge/noarch/pyparsing-3.0.9-pyhd8ed1ab_0.tar.bz2#e8fbc1b54b25f4b08281467bc13b70cc
https://conda.anaconda.org/conda-forge/osx-arm64/pyrsistent-0.19.3-py39h02fc5c5_0.conda#750d82d39fc4c317590580dbf2e7a943
https://conda.anaconda.org/conda-forge/noarch/pytz-2022.7.1-pyhd8ed1ab_0.conda#f59d49a7b464901cf714b9e7984d01a2
https://conda.anaconda.org/conda-forge/osx-arm64/pyyaml-6.0-py39h02fc5c5_5.tar.bz2#0f0d3b67c91d129e1fd912985880eaa5
https://conda.anaconda.org/conda-forge/osx-arm64/ruamel.yaml.clib-0.2.7-py39h02fc5c5_1.conda#33b0c5ed7601f59c9b78ca10466e4983
https://conda.anaconda.org/conda-forge/noarch/setuptools-67.4.0-pyhd8ed1ab_0.conda#c6f4b87020c72e2700e3e94c1fc93b70
https://conda.anaconda.org/conda-forge/noarch/shellingham-1.5.1-pyhd8ed1ab_0.conda#1de44299f48f522caa2e0074231614e1
https://conda.anaconda.org/conda-forge/noarch/six-1.16.0-pyh6c4a22f_0.tar.bz2#e5f25f8dbc060e9a8d912e432202afc2
https://conda.anaconda.org/conda-forge/noarch/tenacity-8.2.2-pyhd8ed1ab_0.conda#7b39e842b52966a99e229739cd4dc36e
https://conda.anaconda.org/conda-forge/noarch/toml-0.10.2-pyhd8ed1ab_0.tar.bz2#f832c45a477c78bebd107098db465095
https://conda.anaconda.org/conda-forge/noarch/tomli-2.0.1-pyhd8ed1ab_0.tar.bz2#5844808ffab9ebdb694585b50ba02a96
https://conda.anaconda.org/conda-forge/noarch/toolz-0.12.0-pyhd8ed1ab_0.tar.bz2#92facfec94bc02d6ccf42e7173831a36
https://conda.anaconda.org/conda-forge/noarch/trove-classifiers-2023.2.20-pyhd8ed1ab_0.conda#6774acff08e0a1b6cbaa694ed3292fcb
https://conda.anaconda.org/conda-forge/noarch/typing-3.10.0.0-pyhd8ed1ab_0.tar.bz2#e6573ac68718f17b9d4f5c8eda3190f2
https://conda.anaconda.org/conda-forge/noarch/typing_extensions-4.4.0-pyha770c72_0.tar.bz2#2d93b130d148d7fc77e583677792fc6a
https://conda.anaconda.org/conda-forge/noarch/webencodings-0.5.1-py_1.tar.bz2#3563be4c5611a44210d9ba0c16113136
https://conda.anaconda.org/conda-forge/noarch/wheel-0.38.4-pyhd8ed1ab_0.tar.bz2#c829cfb8cb826acb9de0ac1a2df0a940
https://conda.anaconda.org/conda-forge/noarch/win_inet_pton-1.1.0-pyhd8ed1ab_6.tar.bz2#30878ecc4bd36e8deeea1e3c151b2e0b
https://conda.anaconda.org/conda-forge/noarch/zipp-3.15.0-pyhd8ed1ab_0.conda#13018819ca8f5b7cc675a8faf1f5fedf
https://conda.anaconda.org/conda-forge/osx-arm64/cairo-1.16.0-h73a0509_1014.tar.bz2#be2ea75899a7b1f1dd59a862fac655ee
https://conda.anaconda.org/conda-forge/osx-arm64/cffi-1.15.1-py39h7e6b969_3.conda#259002f955175cc89beb8477de5de291
https://conda.anaconda.org/conda-forge/osx-arm64/cfitsio-4.2.0-h2f961c4_0.conda#10112a8b1b7b479c7d4e87c9ade892eb
https://conda.anaconda.org/conda-forge/osx-arm64/coverage-7.2.1-py39h02fc5c5_0.conda#edd3c6062f1c76f362468a44edf5a9eb
https://conda.anaconda.org/conda-forge/osx-arm64/curl-7.88.1-h9049daf_0.conda#652acfece719872cf918c1881b709f74
https://conda.anaconda.org/conda-forge/osx-arm64/glib-2.74.1-hb5ab8b9_1.tar.bz2#b983d6b80b2d7e86a4ac3670cda7110b
https://conda.anaconda.org/conda-forge/osx-arm64/hdf5-1.12.2-nompi_ha7af310_101.conda#050df57fed623d4b6aa817e9c8bdbfaa
https://conda.anaconda.org/conda-forge/noarch/html5lib-1.1-pyh9f0ad1d_0.tar.bz2#b2355343d6315c892543200231d7154a
https://conda.anaconda.org/conda-forge/noarch/httplib2-0.21.0-pyhd8ed1ab_0.tar.bz2#4381bbb62960d2a1796b713093873bcb
https://conda.anaconda.org/conda-forge/noarch/importlib-metadata-4.13.0-pyha770c72_0.conda#80d2ed5fd22d7eb804f70c03f0d40b45
https://conda.anaconda.org/conda-forge/noarch/importlib_resources-5.12.0-pyhd8ed1ab_0.conda#e5fd2260a231ee63b6969f4801082f2b
https://conda.anaconda.org/conda-forge/noarch/jaraco.classes-3.2.3-pyhd8ed1ab_0.tar.bz2#31e4a1506968d017229bdb64695013a1
https://conda.anaconda.org/conda-forge/noarch/jinja2-3.1.2-pyhd8ed1ab_1.tar.bz2#c8490ed5c70966d232fdd389d0dbed37
https://conda.anaconda.org/conda-forge/osx-arm64/libblas-3.9.0-16_osxarm64_openblas.tar.bz2#53d6d5097f0d62e24db8c1979a21102e
https://conda.anaconda.org/conda-forge/osx-arm64/libmamba-1.3.1-h7d1d596_1.conda#c48108f82c3757525525c9bb3758cb43
https://conda.anaconda.org/conda-forge/osx-arm64/lxml-4.9.2-py39h0520ce3_0.conda#5fca82960e7e185b2ff5e83557d78d0f
https://conda.anaconda.org/conda-forge/noarch/pexpect-4.8.0-pyh1a96a4e_2.tar.bz2#330448ce4403cc74990ac07c555942a1
https://conda.anaconda.org/conda-forge/noarch/pip-23.0.1-pyhd8ed1ab_0.conda#8025ca83b8ba5430b640b83917c2a6f7
https://conda.anaconda.org/conda-forge/noarch/plotly-5.13.1-pyhd8ed1ab_0.conda#761501a3de96c5855d840f4287a65e77
https://conda.anaconda.org/conda-forge/osx-arm64/postgresql-15.2-h45c140d_0.conda#9f35737220640a8de16d09b59914498f
https://conda.anaconda.org/conda-forge/osx-arm64/proj-9.1.1-h13f728c_2.conda#6924682abbbe34aa837c64ca0016ec8e
https://conda.anaconda.org/conda-forge/osx-arm64/psycopg2-2.9.3-py39hf0b313e_2.conda#c614ae5b1b8eb9178063022c6061432a
https://conda.anaconda.org/conda-forge/noarch/pygments-2.14.0-pyhd8ed1ab_0.conda#c78cd16b11cd6a295484bd6c8f24bea1
https://conda.anaconda.org/conda-forge/noarch/pysocks-1.7.1-pyh0701188_6.tar.bz2#56cd9fe388baac0e90c7149cfac95b60
https://conda.anaconda.org/conda-forge/noarch/python-dateutil-2.8.2-pyhd8ed1ab_0.tar.bz2#dd999d1cc9f79e67dbb855c8924c7984
https://conda.anaconda.org/conda-forge/osx-arm64/ruamel.yaml-0.17.21-py39h02fc5c5_2.tar.bz2#ee133930806b9fe331063ef8e68277ca
https://conda.anaconda.org/conda-forge/osx-arm64/sip-6.7.7-py39h23fbdae_0.conda#1ff7534e9bdaec6a969342f7669d26eb
https://conda.anaconda.org/conda-forge/noarch/tomlkit-0.11.6-pyha770c72_0.tar.bz2#471bf9e605820b59988e830382b8d654
https://conda.anaconda.org/conda-forge/noarch/tqdm-4.64.1-pyhd8ed1ab_0.tar.bz2#5526ff3f88f9db87bb0924b9ce575345
https://conda.anaconda.org/conda-forge/noarch/typing-extensions-4.4.0-hd8ed1ab_0.tar.bz2#be969210b61b897775a0de63cd9e9026
https://conda.anaconda.org/conda-forge/osx-arm64/xerces-c-3.2.4-h627aa08_1.tar.bz2#e690c8c477c96c9f8ad9f7c63f1f94d2
https://conda.anaconda.org/conda-forge/osx-arm64/brotlipy-0.7.0-py39h02fc5c5_1005.tar.bz2#cf0b1f6f29ee28e7b20d49cb66bae19e
https://conda.anaconda.org/conda-forge/osx-arm64/cryptography-39.0.1-py39he2a39a8_0.conda#8a645fce995651a072a449b23a713954
https://conda.anaconda.org/conda-forge/osx-arm64/geotiff-1.7.1-hdcdc974_6.conda#6cb68e5148f9c41564eb840c89b8f7bc
https://conda.anaconda.org/conda-forge/osx-arm64/gstreamer-1.22.0-hcb7b3dd_0.conda#8e354d47cea07e3d45052f33fc50bf4f
https://conda.anaconda.org/conda-forge/noarch/importlib_metadata-4.13.0-hd8ed1ab_0.conda#eb09e30f586f5d8f8e8b784824be7017
https://conda.anaconda.org/conda-forge/noarch/jsonschema-4.17.3-pyhd8ed1ab_0.conda#723268a468177cd44568eb8f794e0d80
https://conda.anaconda.org/conda-forge/osx-arm64/kealib-1.5.0-hfd766a6_0.conda#3041514025aa54cad642e24061b6b6f6
https://conda.anaconda.org/conda-forge/osx-arm64/libcblas-3.9.0-16_osxarm64_openblas.tar.bz2#c7cfc18378f00d3faf7f8a9a2553be3c
https://conda.anaconda.org/conda-forge/osx-arm64/liblapack-3.9.0-16_osxarm64_openblas.tar.bz2#52d270c579bfca986d6cdd81eb5ed6e7
https://conda.anaconda.org/conda-forge/osx-arm64/libmambapy-1.3.1-py39h6901ea2_1.conda#ef93f89694f742f474c272ae432a89b5
https://conda.anaconda.org/conda-forge/osx-arm64/libnetcdf-4.9.1-nompi_h232cb48_101.conda#87dd4b0e9fe52d1b43bf0d5e7be28fc3
https://conda.anaconda.org/conda-forge/osx-arm64/libspatialite-5.0.1-h14115fc_23.conda#2f80ac3b18bf574bb497f9f52966cd4e
https://conda.anaconda.org/conda-forge/noarch/nose2-0.9.2-py_0.tar.bz2#6016c166523ee4955697bccbde8700bf
https://conda.anaconda.org/conda-forge/noarch/platformdirs-2.6.2-pyhd8ed1ab_0.conda#0b4cc3f8181b0d8446eb5387d7848a54
https://conda.anaconda.org/conda-forge/noarch/poetry-core-1.4.0-pyhd8ed1ab_0.conda#9e9b2959e327aee8a2e547d23fcaf543
https://conda.anaconda.org/conda-forge/osx-arm64/poppler-23.01.0-h9564b9f_0.conda#303ae9afbe299ccb35efef4d4140beb9
https://conda.anaconda.org/conda-forge/osx-arm64/pyproj-3.4.1-py39hbb572e0_1.conda#72c46159aefe35590254e9a6bb1e5773
https://conda.anaconda.org/conda-forge/osx-arm64/pyqt5-sip-12.11.0-py39h23fbdae_3.conda#c68bcc4d1e287b9e8398c3f365ba0f53
https://conda.anaconda.org/conda-forge/osx-arm64/tiledb-2.13.2-h9bd36d0_0.conda#d3a88ffe0cbfbd8d3532bb8ef46f0626
https://conda.anaconda.org/conda-forge/osx-arm64/xattr-0.10.1-py39h02fc5c5_0.conda#0adfba7300c9afd90d27c61829f3cb97
https://conda.anaconda.org/conda-forge/osx-arm64/zstandard-0.19.0-py39h1334381_1.conda#9e247337c18ecda5eb7f19428fd26c5d
https://conda.anaconda.org/conda-forge/noarch/conda-package-streaming-0.7.0-pyhd8ed1ab_1.conda#1a2fa9e53cfbc2e4d9ab21990805a436
https://conda.anaconda.org/conda-forge/osx-arm64/gsl-2.7-h6e638da_0.tar.bz2#2a2126a940e033e7225a5dc7215eea9a
https://conda.anaconda.org/conda-forge/osx-arm64/gst-plugins-base-1.22.0-h8b7775e_0.conda#1be67cc5a992c7efb92dfbcdf6b4f540
https://conda.anaconda.org/conda-forge/osx-arm64/keyring-23.13.1-py39h2804cbe_0.conda#95531229976116d08045ae3dbe09a949
https://conda.anaconda.org/conda-forge/osx-arm64/libgdal-3.6.2-hfc7748e_7.conda#7a477aee13d684426d787e44b116d6bb
https://conda.anaconda.org/conda-forge/osx-arm64/numpy-1.24.2-py39hff61c6a_0.conda#894fca4ee0ea0bfef6ebca15d6d8196e
https://conda.anaconda.org/conda-forge/noarch/poetry-plugin-export-1.3.0-pyhd8ed1ab_0.conda#49ef37e35e6525899a83930d825c4974
https://conda.anaconda.org/conda-forge/noarch/pyopenssl-23.0.0-pyhd8ed1ab_0.conda#d41957700e83bbb925928764cb7f8878
https://conda.anaconda.org/conda-forge/osx-arm64/suitesparse-5.10.1-h7cd81ec_1.tar.bz2#aa2b4cd2c3c870a5da51032c97952e8e
https://conda.anaconda.org/conda-forge/noarch/virtualenv-20.20.0-pyhd8ed1ab_0.conda#a4c92707c28aafc95208c747db80fd3f
https://conda.anaconda.org/conda-forge/osx-arm64/ceres-solver-2.1.0-ha0d94fb_1.tar.bz2#f19683f1a3724665b4eb622f08818fd9
https://conda.anaconda.org/conda-forge/noarch/conda-package-handling-2.0.2-pyh38be061_0.conda#44800e9bd13143292097c65e57323038
https://conda.anaconda.org/conda-forge/osx-arm64/gdal-3.6.2-py39h766d3fc_7.conda#89e48e1ec627163083e8b70d66ffc843
https://conda.anaconda.org/conda-forge/osx-arm64/qt-main-5.15.8-hfe8d25c_6.conda#92f8662c1ea1d186b8b67a0069269cfa
https://conda.anaconda.org/conda-forge/osx-arm64/rapidfuzz-2.13.7-py39h23fbdae_0.conda#299d8a5be0eac55255684b1e81fea657
https://conda.anaconda.org/conda-forge/noarch/urllib3-1.26.14-pyhd8ed1ab_0.conda#01f33ad2e0aaf6b5ba4add50dad5ad29
https://conda.anaconda.org/conda-forge/noarch/cleo-2.0.1-pyhd8ed1ab_0.conda#f1c5f2af6676cbe9206e191d1e70f661
https://conda.anaconda.org/conda-forge/osx-arm64/dulwich-0.20.50-py39h02fc5c5_0.tar.bz2#ecf0b88451e6c5bbfb7486830b0025a5
https://conda.anaconda.org/conda-forge/osx-arm64/pdal-2.5.1-h0b95922_1.conda#38e243003252568599f559dfd6043361
https://conda.anaconda.org/conda-forge/osx-arm64/pyqt-5.15.7-py39h7fba1b6_3.conda#b94f93cfc46e54687e21317231290fa7
https://conda.anaconda.org/conda-forge/osx-arm64/qca-2.3.5-h70399c6_3.conda#92c9d35a3f85fd64725705d96529fb40
https://conda.anaconda.org/conda-forge/osx-arm64/qjson-0.9.0-hf490b44_1009.conda#39aa0bfc735c993cdf49190e21abb67d
https://conda.anaconda.org/conda-forge/osx-arm64/qtkeychain-0.13.2-hf490b44_2.conda#1c2d8a44c07eb1f36a4719c8214298c1
https://conda.anaconda.org/conda-forge/osx-arm64/qtwebkit-5.212-hbfb98c5_8.conda#3017106a50b6d65c7c3509db9d2216c4
https://conda.anaconda.org/conda-forge/osx-arm64/qwt-6.2.0-hf490b44_5.conda#03c1ca858b5f8cd6552e889c1d029cb5
https://conda.anaconda.org/conda-forge/noarch/requests-2.28.2-pyhd8ed1ab_0.conda#11d178fc55199482ee48d6812ea83983
https://conda.anaconda.org/conda-forge/noarch/cachecontrol-0.12.11-pyhd8ed1ab_1.conda#e8f0410e0aa03342304357c5cc3bb75d
https://conda.anaconda.org/conda-forge/osx-arm64/conda-23.1.0-py39h2804cbe_0.conda#9f5d82491b5e2193f5c42f5784562f42
https://conda.anaconda.org/conda-forge/noarch/owslib-0.28.1-pyhd8ed1ab_0.conda#4deff6a696a3c1af3d775a7cb981d315
https://conda.anaconda.org/conda-forge/osx-arm64/pyqtwebkit-5.15.9-py39hcd4c33d_1.conda#f32c7eb066df3474c87c12b1493d57ef
https://conda.anaconda.org/conda-forge/osx-arm64/qscintilla2-2.13.4-py39hcd4c33d_0.conda#aad3e79580790d62e4b6fec1288c035d
https://conda.anaconda.org/conda-forge/noarch/requests-toolbelt-0.10.1-pyhd8ed1ab_0.tar.bz2#a4cd20af9711434f89d1ec0d2b3ae6ba
https://conda.anaconda.org/conda-forge/osx-arm64/mamba-1.3.1-py39ha55b623_1.conda#5c22c122bbddc95a426e2f8c0c1b3f2c
https://conda.anaconda.org/conda-forge/noarch/poetry-1.3.2-osx_pyhd8ed1ab_0.conda#b8445f1aafdf2693e2ebff086ef6c57d
https://conda.anaconda.org/conda-forge/osx-arm64/qgis-3.28.3-py39h06013b8_1.conda#3881b907ebf4fff861af2a51f598edfe
