# Generated by conda-lock.
# platform: linux-64
# input_hash: cd2dc5bf9c36f9fb4fd0cd2ef3cac33acf6f397d2a7ab26c0a31a2221457a0a2
@EXPLICIT
https://conda.anaconda.org/conda-forge/linux-64/_libgcc_mutex-0.1-conda_forge.tar.bz2#d7c89558ba9fa0495403155b64376d81
https://repo.anaconda.com/pkgs/main/linux-64/blas-1.0-openblas.conda#9ddfcaef10d79366c90128f5dc444be8
https://repo.anaconda.com/pkgs/main/linux-64/ca-certificates-2023.01.10-h06a4308_0.conda#7704989a2ccf6c1f5a50c985509841c4
https://repo.anaconda.com/pkgs/main/noarch/font-ttf-dejavu-sans-mono-2.37-hd3eb1b0_0.conda#95b5078cca69bdf9ac955895b9caf678
https://repo.anaconda.com/pkgs/main/noarch/font-ttf-inconsolata-2.001-hcb22688_0.conda#9e3fa1886c808910ecd9b9be64566410
https://repo.anaconda.com/pkgs/main/noarch/font-ttf-source-code-pro-2.030-hd3eb1b0_0.conda#eb091595cff4c5452f2f409c667aef55
https://repo.anaconda.com/pkgs/main/noarch/font-ttf-ubuntu-0.83-h8b1ccd4_0.conda#a5870ffd24048c1f10af06dd5d0bbe37
https://repo.anaconda.com/pkgs/main/linux-64/intel-openmp-2021.4.0-h06a4308_3561.conda#15d9e331499432d8e22935c1d3b5d2a1
https://repo.anaconda.com/pkgs/main/linux-64/ld_impl_linux-64-2.38-h1181459_1.conda#68eedfd9c06f2b0e6888d8db345b7f5b
https://repo.anaconda.com/pkgs/main/linux-64/libgfortran5-11.2.0-h1234567_1.conda#36a01a8c30e0cadf0d3e842c50b73f3b
https://conda.anaconda.org/conda-forge/linux-64/libstdcxx-ng-12.2.0-h46fd767_19.tar.bz2#1030b1f38c129f2634eae026f704fe60
https://repo.anaconda.com/pkgs/main/linux-64/poppler-data-0.4.11-h06a4308_1.conda#fd6d432aa8fcef7896c9fbe683fea831
https://repo.anaconda.com/pkgs/main/noarch/tzdata-2022g-h04d1e81_0.conda#833facc4bfeebcb61babe76257e8c9e8
https://repo.anaconda.com/pkgs/main/noarch/fonts-anaconda-1-h8fa9717_0.conda#a5efad43de0590ada98f8bcf02ecbfe8
https://repo.anaconda.com/pkgs/main/linux-64/libgfortran-ng-11.2.0-h00389a5_1.conda#7429b67ab7b1d7cb99b9d1f3ddaec6e3
https://conda.anaconda.org/conda-forge/linux-64/libgomp-12.2.0-h65d4601_19.tar.bz2#cedcee7c064c01c403f962c9e8d3c373
https://repo.anaconda.com/pkgs/main/linux-64/mkl-2021.4.0-h06a4308_640.conda#c9eee35aaa371ed39e4d8c0692f0e5bf
https://conda.anaconda.org/conda-forge/linux-64/_openmp_mutex-4.5-2_gnu.tar.bz2#73aaf86a425cc6e73fcf236a5a46396d
https://repo.anaconda.com/pkgs/main/noarch/fonts-conda-ecosystem-1-hd3eb1b0_0.conda#76790b62a799de73c4364f7cdc445583
https://conda.anaconda.org/conda-forge/linux-64/libgcc-ng-12.2.0-h65d4601_19.tar.bz2#e4c94f80aef025c17ab0828cd85ef535
https://conda.anaconda.org/conda-forge/linux-64/alsa-lib-1.2.3.2-h166bdaf_0.tar.bz2#b7607b7b62dce55c194ad84f99464e5f
https://repo.anaconda.com/pkgs/main/linux-64/bzip2-1.0.8-h7b6447c_0.conda#9303f4af7c004e069bae22bde8d800ee
https://repo.anaconda.com/pkgs/main/linux-64/c-ares-1.18.1-h7f8727e_0.conda#677634b170f698ba548ca8d57aa3fd1a
https://conda.anaconda.org/conda-forge/linux-64/draco-1.5.6-hf52228f_0.conda#78f6f186ed220aa0376e5b638a49d85d
https://repo.anaconda.com/pkgs/main/linux-64/eigen-3.3.7-hd09550d_1.conda#535ad3181bd9b75808983d3585a3ea5a
https://repo.anaconda.com/pkgs/main/linux-64/expat-2.4.9-h6a678d5_0.conda#3a6139fbcd96384855f0e6037502bf28
https://repo.anaconda.com/pkgs/main/linux-64/fftw-3.3.9-h27cfd23_1.conda#d266674fbd3345d45a69896e1bdef8be
https://repo.anaconda.com/pkgs/main/linux-64/freexl-1.0.6-h27cfd23_0.conda#0f3d6c0873b7923fe08e16904937c832
https://conda.anaconda.org/conda-forge/linux-64/geos-3.10.2-h9c3ff4c_0.tar.bz2#fe9a66a351bfa7a84c3108304c7bcba5
https://conda.anaconda.org/conda-forge/linux-64/gettext-0.21.1-h27087fc_0.tar.bz2#14947d8770185e5153fdd04d4673ed37
https://repo.anaconda.com/pkgs/main/linux-64/giflib-5.2.1-h5eee18b_3.conda#aa7d64adb3cd8a75d398167f8c29afc3
https://repo.anaconda.com/pkgs/main/linux-64/gsl-2.7.1-h6e86dc7_1.conda#4dede1b5092017fe06644622a05c3c70
https://conda.anaconda.org/conda-forge/linux-64/icu-69.1-h9c3ff4c_0.tar.bz2#e0773c9556d588b062a4e1424a6a02fa
https://repo.anaconda.com/pkgs/main/linux-64/jpeg-9e-h7f8727e_0.conda#a0571bd2254b360aef526307a17f3526
https://repo.anaconda.com/pkgs/main/linux-64/json-c-0.16-h5eee18b_0.conda#65bd539eb8eb5319d79e243829a58f0f
https://conda.anaconda.org/conda-forge/linux-64/laz-perf-3.3.0-hf52228f_0.conda#07e6dff0011a4fa2a8b09febef572908
https://repo.anaconda.com/pkgs/main/linux-64/lerc-3.0-h295c915_0.conda#b97309770412f10bed8d9448f6f98f87
https://repo.anaconda.com/pkgs/main/linux-64/libdeflate-1.8-h7f8727e_5.conda#6942d65edab9a800900f43e750b3ad1f
https://repo.anaconda.com/pkgs/main/linux-64/libev-4.33-h7f8727e_1.conda#5065620db4393fb549f30114a33897d1
https://repo.anaconda.com/pkgs/main/linux-64/libffi-3.4.2-h6a678d5_6.conda#6d65e299b535d3b3613b6d4bce901834
https://conda.anaconda.org/conda-forge/linux-64/libiconv-1.17-h166bdaf_0.tar.bz2#b62b52da46c39ee2bc3c162ac7f1804d
https://repo.anaconda.com/pkgs/main/linux-64/libnsl-2.0.0-h5eee18b_0.conda#55e3f1b0c2a70454cdf1a5d64fb44752
https://repo.anaconda.com/pkgs/main/linux-64/libogg-1.3.5-h27cfd23_1.conda#710ee7fdb0ddf7591a5af7ca7eb4d73d
https://repo.anaconda.com/pkgs/main/linux-64/libopenblas-0.3.21-h043d6bf_0.conda#7f7324dcc3c4761a14f3e4ac443235a7
https://repo.anaconda.com/pkgs/main/linux-64/libopus-1.3.1-h7b6447c_0.conda#69dd2e1a52989aaf0971b001c60ea482
https://repo.anaconda.com/pkgs/main/linux-64/libspatialindex-1.9.3-h2531618_0.conda#2944eeda0125389c979af67e4460a510
https://conda.anaconda.org/conda-forge/linux-64/libuuid-2.32.1-h7f98852_1000.tar.bz2#772d69f030955d9646d3d0eaf21d859d
https://repo.anaconda.com/pkgs/main/linux-64/libwebp-base-1.2.4-h5eee18b_1.conda#a65a20c48061ecf2a6f4f02eae9f2366
https://repo.anaconda.com/pkgs/main/linux-64/libxcb-1.13-h1bed415_1.conda#e04bd9ad2cc33b55eafd738f2c5d102c
https://conda.anaconda.org/conda-forge/linux-64/libzlib-1.2.13-h166bdaf_4.tar.bz2#f3f9de449d32ca9b9c66a22863c96f41
https://repo.anaconda.com/pkgs/main/linux-64/lz4-c-1.9.4-h6a678d5_0.conda#53915e9402180a7f22ea619c41089520
https://repo.anaconda.com/pkgs/main/linux-64/ncurses-6.4-h6a678d5_0.conda#5558eec6e2191741a92f832ea826251c
https://conda.anaconda.org/conda-forge/linux-64/nitro-2.7.dev6-hcb278e6_5.conda#64affafbbbcdcfebcae51504f10e7810
https://repo.anaconda.com/pkgs/main/linux-64/nspr-4.33-h295c915_0.conda#78454e8819eb6701abc74b2ab2889f21
https://repo.anaconda.com/pkgs/main/linux-64/openssl-1.1.1t-h7f8727e_0.conda#0410db682c02665511bd4203ade48a32
https://repo.anaconda.com/pkgs/main/linux-64/pcre-8.45-h295c915_0.conda#b32ccc24d1d9808618c1e898da60f68d
https://repo.anaconda.com/pkgs/main/linux-64/pixman-0.40.0-h7f8727e_1.conda#406469dab3fdd6c24eae7dd18f649930
https://conda.anaconda.org/conda-forge/linux-64/tzcode-2022g-h166bdaf_0.conda#229620ecbc0bf2f9f04b888fd3478f79
https://conda.anaconda.org/conda-forge/linux-64/xorg-kbproto-1.0.7-h7f98852_1002.tar.bz2#4b230e8381279d76131116660f5a241a
https://conda.anaconda.org/conda-forge/linux-64/xorg-libice-1.0.10-h7f98852_0.tar.bz2#d6b0b50b49eccfe0be0373be628be0f3
https://conda.anaconda.org/conda-forge/linux-64/xorg-renderproto-0.11.1-h7f98852_1002.tar.bz2#06feff3d2634e3097ce2fe681474b534
https://conda.anaconda.org/conda-forge/linux-64/xorg-xextproto-7.3.0-h0b41bf4_1003.conda#bce9f945da8ad2ae9b1d7165a64d0f87
https://repo.anaconda.com/pkgs/main/linux-64/xorg-xproto-7.0.31-h27cfd23_1007.conda#287ea0f32c5f1c209e5030ead360b613
https://repo.anaconda.com/pkgs/main/linux-64/xz-5.2.10-h5eee18b_1.conda#dd172c348274807ec0d841df8295b670
https://repo.anaconda.com/pkgs/main/linux-64/yaml-0.2.5-h7b6447c_0.conda#39fdbf4db769e494ffb06d95680c83d8
https://conda.anaconda.org/conda-forge/linux-64/exiv2-0.27.5-h848de5d_0.tar.bz2#5c47b838296d5743754fab59e678410a
https://repo.anaconda.com/pkgs/main/linux-64/libedit-3.1.20221030-h5eee18b_0.conda#7c724a17739aceaf9d1633ff06962137
https://conda.anaconda.org/conda-forge/linux-64/libevent-2.1.10-h9b69904_4.tar.bz2#390026683aef81db27ff1b8570ca1336
https://conda.anaconda.org/conda-forge/linux-64/libllvm13-13.0.1-hf817b99_2.tar.bz2#47da3ce0d8b2e65ccb226c186dd91eba
https://conda.anaconda.org/conda-forge/linux-64/librttopo-1.1.0-hf69c175_9.tar.bz2#24be5de0faf30ce36576f3dc73bc6cbc
https://repo.anaconda.com/pkgs/main/linux-64/libssh2-1.10.0-h8f2d780_0.conda#dede0f0061d9891642f640c2c4ea442e
https://repo.anaconda.com/pkgs/main/linux-64/libvorbis-1.3.7-h7b6447c_0.conda#66711b855c73a5ac42127ad8789b6cf3
https://conda.anaconda.org/conda-forge/linux-64/mysql-common-8.0.32-h14678bc_0.conda#25af35815c0cdf5a80afc04a2fb67407
https://conda.anaconda.org/conda-forge/linux-64/pcre2-10.40-hc3806b6_0.tar.bz2#69e2c796349cd9b273890bee0febfe1b
https://repo.anaconda.com/pkgs/main/linux-64/readline-8.2-h5eee18b_0.conda#be42180685cce6e6b0329201d9f48efb
https://conda.anaconda.org/conda-forge/linux-64/xerces-c-3.2.3-h8ce2273_4.tar.bz2#b313f2002c5534313e3b2b74a76a051b
https://conda.anaconda.org/conda-forge/linux-64/xorg-libsm-1.2.3-hd9c2040_1000.tar.bz2#9e856f78d5c80d5a78f61e72d1d473a3
https://conda.anaconda.org/conda-forge/linux-64/xorg-libx11-1.8.4-h0b41bf4_0.conda#ea8fbfeb976ac49cbeb594e985393514
https://conda.anaconda.org/conda-forge/linux-64/zlib-1.2.13-h166bdaf_4.tar.bz2#4b11e365c0275b808be78b30f904e295
https://conda.anaconda.org/conda-forge/linux-64/hdf4-4.2.15-h9772cbc_5.tar.bz2#ee08782aff2ff9b3291c967fa6bc7336
https://repo.anaconda.com/pkgs/main/linux-64/krb5-1.19.4-h568e23c_0.conda#649816c5e24c76bd06e74a0eb671a82e
https://conda.anaconda.org/conda-forge/linux-64/libclang-13.0.1-default_hc23dcda_0.tar.bz2#8cebb0736cba83485b13dc10d242d96d
https://conda.anaconda.org/conda-forge/linux-64/libglib-2.74.1-h606061b_1.tar.bz2#ed5349aa96776e00b34eccecf4a948fe
https://repo.anaconda.com/pkgs/main/linux-64/libnghttp2-1.46.0-hce63b2e_0.conda#bf09e3bce5afd6b281f6e3722c4b7f7b
https://repo.anaconda.com/pkgs/main/linux-64/libpng-1.6.37-hbc83047_0.conda#689f903925dcf6c5ab7bc1de0f58b67b
https://repo.anaconda.com/pkgs/main/linux-64/libprotobuf-3.19.6-he621ea3_0.conda#ad407423ef513c6b05768bb70e14578b
https://conda.anaconda.org/conda-forge/linux-64/libxml2-2.9.14-haae042b_4.conda#8c9b5eeab562abb304a977c1beadc92d
https://repo.anaconda.com/pkgs/main/linux-64/llvm-openmp-14.0.6-h9e868ea_0.conda#ea4b8facb65d80d5520255fd331bae37
https://repo.anaconda.com/pkgs/main/linux-64/sqlite-3.40.1-h5082296_0.conda#7d44bb7460f1b1b0764d63240d7f7f81
https://repo.anaconda.com/pkgs/main/linux-64/tk-8.6.12-h1ccaba5_0.conda#fa10ff4aa631fa4aa090a6234d7770b9
https://conda.anaconda.org/conda-forge/linux-64/xorg-libxext-1.3.4-h0b41bf4_2.conda#82b6df12252e6f32402b96dacc656fec
https://conda.anaconda.org/conda-forge/linux-64/xorg-libxrender-0.9.10-h7f98852_1003.tar.bz2#f59c1242cc1dd93e72c2ee2b360979eb
https://repo.anaconda.com/pkgs/main/linux-64/zstd-1.5.2-ha4553b6_0.conda#0e926a5f2e02fe4a9376ece4b732ce36
https://repo.anaconda.com/pkgs/main/linux-64/blosc-1.21.3-h6a678d5_0.conda#4a82e776d992a517ada3bdcede331ae8
https://conda.anaconda.org/conda-forge/linux-64/boost-cpp-1.74.0-h6cacc03_7.tar.bz2#b7c1f8b1937c8572d7dce988a9df1a64
https://repo.anaconda.com/pkgs/main/linux-64/freetype-2.12.1-h4a9f257_0.conda#bdc7b5952e9c5dca01bc2f4ccef2f974
https://conda.anaconda.org/conda-forge/linux-64/glib-tools-2.74.1-h6239696_1.tar.bz2#5f442e6bc9d89ba236eb25a25c5c2815
https://repo.anaconda.com/pkgs/main/linux-64/libcurl-7.87.0-h91b91d3_0.conda#d9dec814afccf758636fb96a1183c4ed
https://conda.anaconda.org/conda-forge/linux-64/libpq-14.5-hd77ab85_0.tar.bz2#d3126b425a04ed2360da1e651cef1b2d
https://repo.anaconda.com/pkgs/main/linux-64/libtiff-4.4.0-hecacb30_2.conda#debd52cb518dce3d4f48833cdc1032e4
https://conda.anaconda.org/conda-forge/linux-64/libxkbcommon-1.0.3-he3ba5ed_0.tar.bz2#f9dbabc7e01c459ed7a1d1d64b206e9b
https://conda.anaconda.org/conda-forge/linux-64/libxslt-1.1.33-h0ef7038_3.tar.bz2#ca2c576cb3b085f0af346d5016a260e3
https://repo.anaconda.com/pkgs/main/linux-64/libzip-1.8.0-h5cef20c_0.conda#2c05cec60531418cf88ebb3502e94d42
https://conda.anaconda.org/conda-forge/linux-64/mysql-libs-8.0.32-h54cf53e_0.conda#de25cc32a88d37a753a729fda6629d95
https://conda.anaconda.org/conda-forge/linux-64/nss-3.78-h2350873_0.tar.bz2#ab3df39f96742e6f1a9878b09274c1dc
https://repo.anaconda.com/pkgs/main/linux-64/python-3.9.16-h7a1cb2a_0.conda#96bf57511e8c12045397dbef70b31adb
https://repo.anaconda.com/pkgs/main/noarch/appdirs-1.4.4-pyhd3eb1b0_0.conda#5673d98d06171cb6eed03a6736845c4d
https://repo.anaconda.com/pkgs/main/linux-64/certifi-2022.12.7-py39h06a4308_0.conda#b4238d910e43d09651eebe8db79b5c68
https://conda.anaconda.org/conda-forge/linux-64/cfitsio-4.1.0-hd9d235c_0.tar.bz2#ebc04a148d7204bb428f8633b89fd3dd
https://repo.anaconda.com/pkgs/main/noarch/charset-normalizer-2.0.4-pyhd3eb1b0_0.conda#e7a441d94234b2b5fafee06e25dbf076
https://repo.anaconda.com/pkgs/main/linux-64/coverage-6.3.2-py39h7f8727e_0.conda#d1db18d77a3ce36ecdb1a8f14882253c
https://repo.anaconda.com/pkgs/main/linux-64/curl-7.87.0-h5eee18b_0.conda#e29317006df3f948862a93aeab9e4e39
https://repo.anaconda.com/pkgs/main/linux-64/fontconfig-2.14.1-hef1e5e3_0.conda#ade72b21d7ef60f012c3ca269a3e267e
https://repo.anaconda.com/pkgs/main/linux-64/future-0.18.3-py39h06a4308_0.conda#ea4ecba8f223fff9fadcf120fb41d8c0
https://conda.anaconda.org/conda-forge/linux-64/glib-2.74.1-h6239696_1.tar.bz2#f3220a9e9d3abcbfca43419a219df7e4
https://conda.anaconda.org/conda-forge/linux-64/hdf5-1.12.1-nompi_h2386368_104.tar.bz2#9607caa4c7df524ab6ddf6005ffa6731
https://repo.anaconda.com/pkgs/main/linux-64/idna-3.4-py39h06a4308_0.conda#92ee6ebc3f880fe03d98f90d122d4719
https://repo.anaconda.com/pkgs/main/linux-64/lcms2-2.12-h3be6417_0.conda#719db47afba9f6586eecb5eacac70bff
https://conda.anaconda.org/conda-forge/linux-64/libkml-1.3.0-h238a007_1014.tar.bz2#abd8e196ad04781818acef26cc451d66
https://repo.anaconda.com/pkgs/main/linux-64/libwebp-1.2.4-h11a3e52_1.conda#9f9153b30e58e9ce896f74634622cbf1
https://repo.anaconda.com/pkgs/main/linux-64/markupsafe-2.1.1-py39h7f8727e_0.conda#81867b86384d8b25db1141c360803b5f
https://repo.anaconda.com/pkgs/main/noarch/mock-4.0.3-pyhd3eb1b0_0.conda#e30b674f018b25357c076ae407d769b9
https://repo.anaconda.com/pkgs/main/linux-64/numpy-base-1.23.5-py39h1e6e340_0.conda#7b533cd4994a84e1130981dacbc66159
https://conda.anaconda.org/conda-forge/linux-64/openjpeg-2.5.0-h7d73246_1.tar.bz2#a11b4df9271a8d7917686725aa04c8f2
https://repo.anaconda.com/pkgs/main/linux-64/packaging-22.0-py39h06a4308_0.conda#f0d5483df1e0c0221c519d557da09dec
https://conda.anaconda.org/conda-forge/linux-64/postgresql-14.5-hfdbbde3_0.tar.bz2#0930cb504b0f86546026d3c2651c92c8
https://conda.anaconda.org/conda-forge/linux-64/proj-9.0.0-h93bde94_1.tar.bz2#cf908994f24ea526afc59f295d5b07c1
https://repo.anaconda.com/pkgs/main/noarch/pycparser-2.21-pyhd3eb1b0_0.conda#135a72ff2a31150a3a3ff0b1edd41ca9
https://repo.anaconda.com/pkgs/main/noarch/pygments-2.11.2-pyhd3eb1b0_0.conda#eff55c770961f459a734cf86768aac98
https://repo.anaconda.com/pkgs/main/linux-64/pyparsing-3.0.9-py39h06a4308_0.conda#3a0537468e59760404f63b4f04369828
https://repo.anaconda.com/pkgs/main/linux-64/pysocks-1.7.1-py39h06a4308_0.conda#0a2dc6c521fd674b11a99dea461c2d84
https://conda.anaconda.org/conda-forge/linux-64/python_abi-3.9-2_cp39.tar.bz2#39adde4247484de2bb4000122fdcf665
https://repo.anaconda.com/pkgs/main/linux-64/pytz-2022.7-py39h06a4308_0.conda#42b322e3f6795196a42b1c3ddbb7807b
https://repo.anaconda.com/pkgs/main/linux-64/pyyaml-6.0-py39h5eee18b_1.conda#e076426a8cc21241c025d690fad4ccba
https://repo.anaconda.com/pkgs/main/noarch/six-1.16.0-pyhd3eb1b0_1.conda#34586824d411d36af2fa40e799c172d0
https://repo.anaconda.com/pkgs/main/linux-64/tenacity-8.0.1-py39h06a4308_1.conda#74a8ace122cec5c875c185c571617b8f
https://repo.anaconda.com/pkgs/main/linux-64/wheel-0.38.4-py39h06a4308_0.conda#83e731cfecb3797a0f2865615177f433
https://conda.anaconda.org/conda-forge/linux-64/cairo-1.16.0-ha12eb4b_1010.tar.bz2#e15c0969bf37df9dae513a48ac871a7d
https://repo.anaconda.com/pkgs/main/linux-64/cffi-1.15.1-py39h5eee18b_3.conda#89bf9aee92a2429222630337bec3d73f
https://repo.anaconda.com/pkgs/main/linux-64/dbus-1.13.18-hb2f20db_0.conda#6a6a6f1391f807847404344489ef6cf4
https://conda.anaconda.org/conda-forge/linux-64/geotiff-1.7.1-h509b78c_1.tar.bz2#dd3c41af3f58b5ee5acf65839b5b3c8c
https://conda.anaconda.org/conda-forge/linux-64/gstreamer-1.20.3-hd4edc92_2.tar.bz2#153cfb02fb8be7dd7cabcbcb58a63053
https://conda.anaconda.org/conda-forge/noarch/httplib2-0.21.0-pyhd8ed1ab_0.tar.bz2#4381bbb62960d2a1796b713093873bcb
https://repo.anaconda.com/pkgs/main/linux-64/jinja2-3.1.2-py39h06a4308_0.conda#1ae40578c29a6ed9ca0cf23c89d48fa4
https://conda.anaconda.org/conda-forge/linux-64/kealib-1.4.15-hfe1a663_0.tar.bz2#32fda93b8db4b6be630d1ee6a94f23b9
https://conda.anaconda.org/conda-forge/linux-64/libdap4-3.20.6-hd7c4107_2.tar.bz2#c265ae57e3acdc891f3e2b93cf6784f5
https://conda.anaconda.org/conda-forge/linux-64/libnetcdf-4.8.1-nompi_h329d8a1_102.tar.bz2#a857af323c5edbd8e9e45fb9facb6f5f
https://conda.anaconda.org/conda-forge/linux-64/libspatialite-5.0.1-ha867d66_15.tar.bz2#31f84b4474cadeab8ec4f6cac6c0adf4
https://repo.anaconda.com/pkgs/main/linux-64/mkl-service-2.4.0-py39h7f8727e_0.conda#172ea5cc5cdc863201cdc4653f836bcb
https://conda.anaconda.org/conda-forge/noarch/nose2-0.9.2-py_0.tar.bz2#6016c166523ee4955697bccbde8700bf
https://repo.anaconda.com/pkgs/main/linux-64/numpy-1.23.5-py39hf838250_0.conda#4ecfe83aad6d52f5dc1ab3f8743c05de
https://repo.anaconda.com/pkgs/main/linux-64/plotly-5.9.0-py39h06a4308_0.conda#a5a09ba7ee25c89fbaf6e4dc4a755971
https://conda.anaconda.org/conda-forge/linux-64/psycopg2-2.9.3-py39hb9d737c_1.tar.bz2#5284fcf83c4d97083b149375791253f6
https://conda.anaconda.org/conda-forge/linux-64/pyproj-3.3.1-py39hcadae2f_0.tar.bz2#6a018c45d1411f8ac44a057130f04836
https://conda.anaconda.org/conda-forge/linux-64/pyqt5-sip-4.19.18-py39he80948d_8.tar.bz2#9dbac74c150d2542eca77c02da307168
https://repo.anaconda.com/pkgs/main/noarch/python-dateutil-2.8.2-pyhd3eb1b0_0.conda#211ee00320b08a1ac9fea6677649f6c9
https://repo.anaconda.com/pkgs/main/linux-64/setuptools-65.6.3-py39h06a4308_0.conda#c45480250c7a422ae327df494aced180
https://conda.anaconda.org/conda-forge/linux-64/tiledb-2.9.5-h1e4a385_0.tar.bz2#4bcd1e6e70d09ebf8b03616b9db7d727
https://repo.anaconda.com/pkgs/main/linux-64/brotlipy-0.7.0-py39h27cfd23_1003.conda#be47bcffb9e3e7495897b02589f5ad1a
https://repo.anaconda.com/pkgs/main/linux-64/cryptography-39.0.1-py39h9ce1e76_0.conda#38eea02c5f2ff123ddfa0b706482d0d3
https://conda.anaconda.org/conda-forge/linux-64/gst-plugins-base-1.20.2-hcf0ee16_0.tar.bz2#79d7fca692d224dc29a72bda90f78a7b
https://repo.anaconda.com/pkgs/main/linux-64/mkl_fft-1.3.1-py39hd3c417c_0.conda#629b503bd4d1c5244f6dec56eb6b83fa
https://repo.anaconda.com/pkgs/main/linux-64/mkl_random-1.2.2-py39h51133e4_0.conda#c753c11783825f0e0ffd23106c2696d5
https://repo.anaconda.com/pkgs/main/linux-64/pip-22.3.1-py39h06a4308_0.conda#551a81c65d85d3bfd0f849fdda5bfad8
https://conda.anaconda.org/conda-forge/linux-64/poppler-22.04.0-h8b295ee_2.tar.bz2#7ee8bd82f69b5b096b693f4484a56d8a
https://conda.anaconda.org/conda-forge/linux-64/libgdal-3.5.0-hd0aedcd_1.tar.bz2#37496ae9ead22d83080158369b9f2b51
https://repo.anaconda.com/pkgs/main/linux-64/pyopenssl-23.0.0-py39h06a4308_0.conda#9043b6369acf9a81d7156404c0b38806
https://conda.anaconda.org/conda-forge/linux-64/qt-5.12.9-h1304e3e_6.tar.bz2#f2985d160b8c43dd427923c04cd732fe
https://conda.anaconda.org/conda-forge/linux-64/gdal-3.5.0-py39hc691d54_1.tar.bz2#ecf51523d1cf21273a56d8a2ff3f3af9
https://conda.anaconda.org/conda-forge/linux-64/pdal-2.4.2-h68a0bdf_1.tar.bz2#30f7a6385dd1343933c7abcf687b5405
https://conda.anaconda.org/conda-forge/linux-64/pyqt-impl-5.12.3-py39hde8b62d_8.tar.bz2#4863d6734a1bd7a86ac5ede53bf9b3c7
https://conda.anaconda.org/conda-forge/linux-64/qca-2.2.1-h73816c6_3.tar.bz2#1e4128d7c97fa1255fdac1c55eb49dee
https://conda.anaconda.org/conda-forge/linux-64/qjson-0.9.0-h73816c6_1006.tar.bz2#d4e1ba09b1d013dd177c42dfaaf13da6
https://conda.anaconda.org/conda-forge/linux-64/qtkeychain-0.12.0-h2264404_0.tar.bz2#60d2f97acc70146a6d367717f91598a9
https://conda.anaconda.org/conda-forge/linux-64/qtlocation-5.12.9-he1b5a44_0.tar.bz2#218958202ee96a5b919a06b33a6c8d4c
https://conda.anaconda.org/conda-forge/linux-64/qtserialport-5.9.8-h73816c6_1.tar.bz2#73492b88d92d359744d52a10b544d4a5
https://conda.anaconda.org/conda-forge/linux-64/qtwebkit-5.212-h7a17519_4.tar.bz2#f8e40bd3ac4251047aa56a48d34d2beb
https://conda.anaconda.org/conda-forge/linux-64/qwt-6.1.6-h7ec6b3e_0.tar.bz2#12751d940713fb6e0ad9478bc256fc8e
https://repo.anaconda.com/pkgs/main/linux-64/urllib3-1.26.14-py39h06a4308_0.conda#db9c2b56e835ae5ba800e8821c37b27c
https://conda.anaconda.org/conda-forge/linux-64/pyqtchart-5.12-py39h0fcd23e_8.tar.bz2#d7d18728be87fdc0ddda3e65d41caa53
https://conda.anaconda.org/conda-forge/linux-64/pyqtwebengine-5.12.1-py39h0fcd23e_8.tar.bz2#2098c2b2c9a38b43678a27819ff9433f
https://conda.anaconda.org/conda-forge/linux-64/qwtpolar-1.1.1-h73816c6_7.tar.bz2#4221eef16174d72cf69b1a8b2f91a272
https://repo.anaconda.com/pkgs/main/linux-64/requests-2.28.1-py39h06a4308_0.conda#5ae2a5b6b791e0a8f5b0129b59e5e793
https://repo.anaconda.com/pkgs/main/noarch/owslib-0.24.1-pyhd3eb1b0_0.conda#6d45ddac4aee59f6b04530dc41fb49e9
https://repo.anaconda.com/pkgs/main/noarch/pooch-1.4.0-pyhd3eb1b0_0.conda#69ec83cb3d152f9e854115555004f368
https://conda.anaconda.org/conda-forge/linux-64/pyqt-5.12.3-py39hf3d152e_8.tar.bz2#466425e3ee3b190e06b8a5a7098421aa
https://conda.anaconda.org/conda-forge/linux-64/pyqtwebkit-5.212-py39h20c28b1_2.tar.bz2#d8ea5f4db060f5ee42672f1383b76cc4
https://conda.anaconda.org/conda-forge/linux-64/qscintilla2-2.11.2-py39h5a03fae_6.tar.bz2#fbc2f9436a2450b56b07ba67ea22fe9e
https://repo.anaconda.com/pkgs/main/linux-64/scipy-1.10.0-py39h32ae08f_1.conda#b66fa726653750c5b3a9af04f911692d
https://conda.anaconda.org/conda-forge/linux-64/qgis-3.18.3-py39had39fa9_11.tar.bz2#b24637f16511376c2d1282bf1d03ec88
# pip backcall @ https://files.pythonhosted.org/packages/4c/1c/ff6546b6c12603d8dd1070aa3c3d273ad4c07f5771689a7b69a550e8c951/backcall-0.2.0-py2.py3-none-any.whl#sha256=fbbce6a29f263178a1f7915c1940bde0ec2b2a967566fe1c65c1dfb7422bd255
# pip decorator @ https://files.pythonhosted.org/packages/d5/50/83c593b07763e1161326b3b8c6686f0f4b0f24d5526546bee538c89837d6/decorator-5.1.1-py3-none-any.whl#sha256=b8c3f85900b9dc423225913c5aace94729fe1fa9763b38939a95226f02d37186
# pip executing @ https://files.pythonhosted.org/packages/28/3c/bc3819dd8b1a1588c9215a87271b6178cc5498acaa83885211f5d4d9e693/executing-1.2.0-py2.py3-none-any.whl#sha256=0314a69e37426e3608aada02473b4161d4caf5a4b244d1d0c48072b8fee7bacc
# pip parso @ https://files.pythonhosted.org/packages/05/63/8011bd08a4111858f79d2b09aad86638490d62fbf881c44e434a6dfca87b/parso-0.8.3-py2.py3-none-any.whl#sha256=c001d4636cd3aecdaf33cbb40aebb59b094be2a74c556778ef5576c175e19e75
# pip pickleshare @ https://files.pythonhosted.org/packages/9a/41/220f49aaea88bc6fa6cba8d05ecf24676326156c23b991e80b3f2fc24c77/pickleshare-0.7.5-py2.py3-none-any.whl#sha256=9649af414d74d4df115d5d718f82acb59c9d418196b7b4290ed47a12ce62df56
# pip ptyprocess @ https://files.pythonhosted.org/packages/22/a6/858897256d0deac81a172289110f31629fc4cee19b6f01283303e18c8db3/ptyprocess-0.7.0-py2.py3-none-any.whl#sha256=4b41f3967fce3af57cc7e94b888626c18bf37a083e3651ca8feeb66d492fef35
# pip pure-eval @ https://files.pythonhosted.org/packages/2b/27/77f9d5684e6bce929f5cfe18d6cfbe5133013c06cb2fbf5933670e60761d/pure_eval-0.2.2-py3-none-any.whl#sha256=01eaab343580944bc56080ebe0a674b39ec44a945e6d09ba7db3cb8cec289350
# pip traitlets @ https://files.pythonhosted.org/packages/77/75/c28e9ef7abec2b7e9ff35aea3e0be6c1aceaf7873c26c95ae1f0d594de71/traitlets-5.9.0-py3-none-any.whl#sha256=9e6ec080259b9a5940c797d58b613b5e31441c2257b87c2e795c5228ae80d2d8
# pip utm @ https://files.pythonhosted.org/packages/f7/7e/629ddbe63164f71bf2b03e151a69bfbf439692652432af4b2a78f21b0a18/utm-0.7.0.tar.gz#sha256=3c9a3650e98bb6eecec535418d0dfd4db8f88c8ceaca112a0ff0787e116566e2
# pip wcwidth @ https://files.pythonhosted.org/packages/20/f4/c0584a25144ce20bfcf1aecd041768b8c762c1eb0aa77502a3f0baa83f11/wcwidth-0.2.6-py2.py3-none-any.whl#sha256=795b138f6875577cd91bba52baf9e445cd5118fd32723b460e30a0af30ea230e
# pip xlwt @ https://files.pythonhosted.org/packages/44/48/def306413b25c3d01753603b1a222a011b8621aed27cd7f89cbc27e6b0f4/xlwt-1.3.0-py2.py3-none-any.whl#sha256=a082260524678ba48a297d922cc385f58278b8aa68741596a87de01a9c628b2e
# pip asttokens @ https://files.pythonhosted.org/packages/f3/e1/64679d9d0759db5b182222c81ff322c2fe2c31e156a59afd6e9208c960e5/asttokens-2.2.1-py2.py3-none-any.whl#sha256=6b0ac9e93fb0335014d382b8fa9b3afa7df546984258005da0b9e7095b3deb1c
# pip jedi @ https://files.pythonhosted.org/packages/6d/60/4acda63286ef6023515eb914543ba36496b8929cb7af49ecce63afde09c6/jedi-0.18.2-py2.py3-none-any.whl#sha256=203c1fd9d969ab8f2119ec0a3342e0b49910045abe6af0a3ae83a5764d54639e
# pip matplotlib-inline @ https://files.pythonhosted.org/packages/f2/51/c34d7a1d528efaae3d8ddb18ef45a41f284eacf9e514523b191b7d0872cc/matplotlib_inline-0.1.6-py3-none-any.whl#sha256=f1f41aab5328aa5aaea9b16d083b128102f8712542f819fe7e6a420ff581b311
# pip pexpect @ https://files.pythonhosted.org/packages/39/7b/88dbb785881c28a102619d46423cb853b46dbccc70d3ac362d99773a78ce/pexpect-4.8.0-py2.py3-none-any.whl#sha256=0b48a55dcb3c05f3329815901ea4fc1537514d6ba867a152b581d69ae3710937
# pip prompt-toolkit @ https://files.pythonhosted.org/packages/6b/f8/1bb04f1ed50ceffa077ad762911c10aa27defdea6094e1f78ed5cbae1d81/prompt_toolkit-3.0.37-py3-none-any.whl#sha256=6a2948ec427dfcc7c983027b1044b355db6aaa8be374f54ad2015471f7d81c5b
# pip stack-data @ https://files.pythonhosted.org/packages/6a/81/aa96c25c27f78cdc444fec27d80f4c05194c591465e491a1358d8a035bc1/stack_data-0.6.2-py3-none-any.whl#sha256=cbb2a53eb64e5785878201a97ed7c7b94883f48b87bfb0bbe8b623c74679e4a8
# pip ipython @ https://files.pythonhosted.org/packages/09/db/d641ee07f319002393524b6c5a8b47370520dcb2b6166a0972cfe9398c60/ipython-8.10.0-py3-none-any.whl#sha256=b38c31e8fc7eff642fc7c597061fff462537cf2314e3225a19c906b7b0d8a345
