# Generated by conda-lock.
# platform: osx-64
# input_hash: 369b5f26f650de0c0a92263cd53865fa1383287e5c45df0541596a5840f28b5b
@EXPLICIT
https://repo.anaconda.com/pkgs/main/osx-64/blas-1.0-mkl.conda#cb2c87e85ac8e0ceae776d26d4214c8a
https://repo.anaconda.com/pkgs/main/osx-64/bzip2-1.0.8-h1de35cc_0.conda#19fcb113b170fe2a0be96b47801fed7d
https://repo.anaconda.com/pkgs/main/osx-64/c-ares-1.18.1-hca72f7f_0.conda#fc798dffc9f7843e2dc563a10290ef59
https://repo.anaconda.com/pkgs/main/osx-64/ca-certificates-2023.01.10-hecd8cb5_0.conda#4544150389480f19dd67c20b3bb12d61
https://repo.anaconda.com/pkgs/main/osx-64/fftw-3.3.9-h9ed2024_1.conda#9f854d761737b9a8bf9859779a5bb405
https://repo.anaconda.com/pkgs/main/noarch/font-ttf-dejavu-sans-mono-2.37-hd3eb1b0_0.conda#95b5078cca69bdf9ac955895b9caf678
https://repo.anaconda.com/pkgs/main/noarch/font-ttf-inconsolata-2.001-hcb22688_0.conda#9e3fa1886c808910ecd9b9be64566410
https://repo.anaconda.com/pkgs/main/noarch/font-ttf-source-code-pro-2.030-hd3eb1b0_0.conda#eb091595cff4c5452f2f409c667aef55
https://repo.anaconda.com/pkgs/main/noarch/font-ttf-ubuntu-0.83-h8b1ccd4_0.conda#a5870ffd24048c1f10af06dd5d0bbe37
https://repo.anaconda.com/pkgs/main/osx-64/freexl-1.0.6-h9ed2024_0.conda#4a662afc0a9708af11464fbf7fab1e1c
https://repo.anaconda.com/pkgs/main/osx-64/giflib-5.2.1-h6c40b1e_3.conda#a5ab49bdb6fdc875fb965221241e3bcf
https://repo.anaconda.com/pkgs/main/osx-64/gsl-2.7.1-hdbe807d_1.conda#b303430c44e021ca522f8f9bb5dd00fc
https://repo.anaconda.com/pkgs/main/osx-64/intel-openmp-2021.4.0-hecd8cb5_3538.conda#65e79d0ffef79cbb8ebd3c71e74eb50a
https://repo.anaconda.com/pkgs/main/osx-64/jpeg-9e-hca72f7f_0.conda#99b7d820514a0c07818d58c320ab21fc
https://repo.anaconda.com/pkgs/main/osx-64/json-c-0.16-hca72f7f_0.conda#02345a90567ee83d8774f9950af03ed9
https://repo.anaconda.com/pkgs/main/osx-64/libcxx-14.0.6-h9765a3e_0.conda#387757bb354ae9042370452cd0fb5627
https://repo.anaconda.com/pkgs/main/osx-64/libdeflate-1.8-h9ed2024_5.conda#584dec4a4ba735d8d7841de1948b23b1
https://repo.anaconda.com/pkgs/main/osx-64/libev-4.33-h9ed2024_1.conda#ffb0ee08779a6ccb4706b72523712cb7
https://repo.anaconda.com/pkgs/main/osx-64/libffi-3.4.2-hecd8cb5_6.conda#21b9e281d6c7d4c6c9bff64c7644f295
https://conda.anaconda.org/conda-forge/osx-64/libiconv-1.17-hac89ed1_0.tar.bz2#691d103d11180486154af49c037b7ed9
https://conda.anaconda.org/conda-forge/osx-64/libtasn1-4.19.0-hb7f2c08_0.tar.bz2#73f67fb011b4477b101a95a082c74f0a
https://repo.anaconda.com/pkgs/main/osx-64/libwebp-base-1.2.4-h6c40b1e_1.conda#b5ba90f49396f024ee017794b28e8263
https://conda.anaconda.org/conda-forge/osx-64/libzlib-1.2.13-hfd90126_4.tar.bz2#35eb3fce8d51ed3c1fd4122bad48250b
https://repo.anaconda.com/pkgs/main/osx-64/llvm-openmp-14.0.6-h0dcd299_0.conda#b5804d32b87dc61ca94561ade33d5f2d
https://repo.anaconda.com/pkgs/main/osx-64/ncurses-6.4-hcec6c5f_0.conda#0214d1ee980e217fabc695f1e40662aa
https://repo.anaconda.com/pkgs/main/osx-64/pixman-0.40.0-h9ed2024_1.conda#3c7826ac79ae77e41d55c658cb200760
https://repo.anaconda.com/pkgs/main/osx-64/poppler-data-0.4.11-hecd8cb5_1.conda#f496501de4689ee8187cb1717cd329ff
https://conda.anaconda.org/conda-forge/osx-64/tzcode-2022g-hb7f2c08_0.conda#f1bf42ae6c2a752b4c064140365563c2
https://repo.anaconda.com/pkgs/main/noarch/tzdata-2022g-h04d1e81_0.conda#833facc4bfeebcb61babe76257e8c9e8
https://repo.anaconda.com/pkgs/main/osx-64/xz-5.2.10-h6c40b1e_1.conda#c81635cd7ee34a70b36a3bb3af119c77
https://repo.anaconda.com/pkgs/main/osx-64/yaml-0.2.5-haf1e3a3_0.conda#73628ed86f99adf6a0cb81dd20e426cd
https://conda.anaconda.org/conda-forge/osx-64/draco-1.5.6-hb8565cd_0.conda#714d9926f4de0f8751236537a4e44d06
https://repo.anaconda.com/pkgs/main/osx-64/eigen-3.3.7-haf03e11_1.conda#a435009afcfff740e71c55fec1244a2a
https://repo.anaconda.com/pkgs/main/osx-64/expat-2.4.9-he9d5cce_0.conda#fa209d24a90c155c4ca74b2f21e62691
https://repo.anaconda.com/pkgs/main/noarch/fonts-anaconda-1-h8fa9717_0.conda#a5efad43de0590ada98f8bcf02ecbfe8
https://conda.anaconda.org/conda-forge/osx-64/geos-3.10.2-he49afe7_0.tar.bz2#ba73e08947c2300d6eb338415540854a
https://conda.anaconda.org/conda-forge/osx-64/icu-69.1-he49afe7_0.tar.bz2#ee3bde95f8c74ebd296543525775ada5
https://conda.anaconda.org/conda-forge/osx-64/laz-perf-3.3.0-hb8565cd_0.conda#6ce60c32a0ef2b07560375a0abb082d3
https://repo.anaconda.com/pkgs/main/osx-64/lerc-3.0-he9d5cce_0.conda#aec2c3dbef836849c9260f05be04f3db
https://repo.anaconda.com/pkgs/main/osx-64/libedit-3.1.20221030-h6c40b1e_0.conda#d05611d2a89ad339b89c029bc34687df
https://repo.anaconda.com/pkgs/main/osx-64/libgfortran5-11.3.0-h9dfd629_28.conda#1fa1a27ee100b1918c3021dbfa3895a3
https://conda.anaconda.org/conda-forge/osx-64/libllvm13-13.0.1-h64f94b2_2.tar.bz2#bac1c6f12f44f40e19274e6e04e9bad5
https://repo.anaconda.com/pkgs/main/osx-64/libspatialindex-1.9.3-h23ab428_0.conda#9445d0ddf734285aee98f48d0795e99d
https://repo.anaconda.com/pkgs/main/osx-64/lz4-c-1.9.4-hcec6c5f_0.conda#44291e9e6920cfff30caf1299f48db38
https://repo.anaconda.com/pkgs/main/osx-64/mkl-2021.4.0-hecd8cb5_637.conda#07d14ece4a852cefa17c1c156db8134e
https://conda.anaconda.org/conda-forge/osx-64/nitro-2.7.dev6-hf0c8a7f_5.conda#1dfb47d41c787097af8e7082357929f1
https://repo.anaconda.com/pkgs/main/osx-64/nspr-4.33-he9d5cce_0.conda#9bf751fa6d8a7507e797315e230e8491
https://repo.anaconda.com/pkgs/main/osx-64/openssl-1.1.1t-hca72f7f_0.conda#5027baac278975d148ee3887b3f4e911
https://repo.anaconda.com/pkgs/main/osx-64/pcre-8.45-h23ab428_0.conda#2642b1546cdbd6d9bd73b6650ef310d5
https://repo.anaconda.com/pkgs/main/osx-64/readline-8.2-hca72f7f_0.conda#971667436260e523f6f7355fdfa238bf
https://conda.anaconda.org/conda-forge/osx-64/zlib-1.2.13-hfd90126_4.tar.bz2#be90e6223c74ea253080abae19b3bdb1
https://repo.anaconda.com/pkgs/main/noarch/fonts-conda-ecosystem-1-hd3eb1b0_0.conda#76790b62a799de73c4364f7cdc445583
https://conda.anaconda.org/conda-forge/osx-64/hdf4-4.2.15-h7aa5921_5.tar.bz2#a5e171d71c6b524409de40d81c098758
https://repo.anaconda.com/pkgs/main/osx-64/krb5-1.19.4-hdba6334_0.conda#dfbf839e9b31825087c4d2e2aafbcd07
https://conda.anaconda.org/conda-forge/osx-64/libclang-13.0.1-default_he082bbe_0.tar.bz2#0166c71e26f8b9f564a20a13b04d118d
https://repo.anaconda.com/pkgs/main/osx-64/libgfortran-5.0.0-11_3_0_hecd8cb5_28.conda#2eb13b680803f1064e53873ae0aaafb3
https://repo.anaconda.com/pkgs/main/osx-64/libnghttp2-1.46.0-ha29bfda_0.conda#7b5767e0cb9676eb442ef9cd2c76730b
https://repo.anaconda.com/pkgs/main/osx-64/libpng-1.6.37-ha441bb4_0.conda#d69245a20ec59d8dc534c65308607129
https://repo.anaconda.com/pkgs/main/osx-64/libprotobuf-3.19.6-hfff2838_0.conda#b723577f959558d5bf9f21f2289c9a56
https://conda.anaconda.org/conda-forge/osx-64/librttopo-1.1.0-hec60dd8_9.tar.bz2#fa5ca24887925ba351d7dd008d5e4deb
https://repo.anaconda.com/pkgs/main/osx-64/libssh2-1.10.0-h0a4fc7d_0.conda#8c6b3265fbbcf552ffc20a08c117cba3
https://conda.anaconda.org/conda-forge/osx-64/libxml2-2.9.14-h1faee8b_4.conda#e881e89ca1e2ba6c663329ce464e277b
https://conda.anaconda.org/conda-forge/osx-64/mysql-common-8.0.32-h7ebae80_0.conda#c38eebf92d4b044a18f00eddd3e2c7c9
https://repo.anaconda.com/pkgs/main/osx-64/pcre2-10.37-he7042d7_1.conda#ac28146f45db785fb68b773675722000
https://repo.anaconda.com/pkgs/main/osx-64/sqlite-3.40.1-h880c91c_0.conda#88f64d3c988ae3688131cb38910776c0
https://repo.anaconda.com/pkgs/main/osx-64/tk-8.6.12-h5d9f67b_0.conda#047f0af5486d19163e37fd7f8ae3d29f
https://conda.anaconda.org/conda-forge/osx-64/xerces-c-3.2.3-h6564042_4.tar.bz2#addbb914500f18aed255b041c3d41e4c
https://repo.anaconda.com/pkgs/main/osx-64/zstd-1.5.2-hcb37349_0.conda#d3ba225e3bc4285d8efd8cdfd7aa6112
https://repo.anaconda.com/pkgs/main/osx-64/blosc-1.21.3-hcec6c5f_0.conda#4860426cdb91b8aac4c8f3b042bf4ab2
https://conda.anaconda.org/conda-forge/osx-64/boost-cpp-1.74.0-hdbf7018_7.tar.bz2#5d29a260489cdad68bee48121b24f9bc
https://repo.anaconda.com/pkgs/main/osx-64/freetype-2.12.1-hd8bbffd_0.conda#1f276af321375ee7fe8056843044fa76
https://repo.anaconda.com/pkgs/main/osx-64/gettext-0.21.0-h7535e17_0.conda#f3c9101a81ceddb12db68fd0575392f0
https://repo.anaconda.com/pkgs/main/osx-64/libcurl-7.87.0-ha585b31_0.conda#d0cdc1476e7acddbf6b6566f5621b27d
https://conda.anaconda.org/conda-forge/osx-64/libpq-14.5-h76c7896_0.tar.bz2#16b6867b7a811bc470c07b182f3058e6
https://repo.anaconda.com/pkgs/main/osx-64/libtiff-4.4.0-h2cd0358_2.conda#3ca4a08eea7fd9cd88453d35915693a3
https://repo.anaconda.com/pkgs/main/osx-64/libxslt-1.1.35-h5b33f42_0.conda#886f96d343826c65569b44ba52f3ebdf
https://repo.anaconda.com/pkgs/main/osx-64/libzip-1.8.0-h272c8d6_0.conda#83671b6c83e1ac380ed3669cd4aea8c2
https://conda.anaconda.org/conda-forge/osx-64/mysql-libs-8.0.32-hc37e033_0.conda#8cb44fb9c6257c34757ba1ed723cf496
https://conda.anaconda.org/conda-forge/osx-64/nss-3.78-ha8197d3_0.tar.bz2#0927d191f392959c876b7eab924efd01
https://repo.anaconda.com/pkgs/main/osx-64/python-3.9.16-h218abb5_0.conda#8c98a7fd840d1d669ca5693162b32555
https://repo.anaconda.com/pkgs/main/noarch/appdirs-1.4.4-pyhd3eb1b0_0.conda#5673d98d06171cb6eed03a6736845c4d
https://repo.anaconda.com/pkgs/main/osx-64/certifi-2022.12.7-py39hecd8cb5_0.conda#92d58f42b23801c40b4fe2ee5ba93085
https://conda.anaconda.org/conda-forge/osx-64/cfitsio-4.1.0-h2c97ad1_0.tar.bz2#f2108cb086dfd037a6709b011564860d
https://repo.anaconda.com/pkgs/main/noarch/charset-normalizer-2.0.4-pyhd3eb1b0_0.conda#e7a441d94234b2b5fafee06e25dbf076
https://repo.anaconda.com/pkgs/main/osx-64/coverage-6.3.2-py39hca72f7f_0.conda#244cda1ce81795d46d03d7500cec0a1f
https://repo.anaconda.com/pkgs/main/osx-64/curl-7.87.0-h6c40b1e_0.conda#c3b15c36388a5366459e6b13282c4b61
https://conda.anaconda.org/conda-forge/osx-64/exiv2-0.27.5-hecb95e5_0.tar.bz2#5bd50ce79fe4d22e53b013b4ac84f1db
https://repo.anaconda.com/pkgs/main/osx-64/fontconfig-2.14.1-hedf32ac_1.conda#61f1c14cc6cb807ec7d9672966186e51
https://repo.anaconda.com/pkgs/main/osx-64/future-0.18.2-py39hecd8cb5_1.conda#965636e275f00f66bf4746c8df7455ca
https://conda.anaconda.org/conda-forge/osx-64/hdf5-1.12.1-nompi_ha60fbc9_104.tar.bz2#5e6d162483efc7f2f2be1dddfed954f4
https://repo.anaconda.com/pkgs/main/osx-64/idna-3.4-py39hecd8cb5_0.conda#60fb473352c9fe43b690d7b0b40cd47b
https://repo.anaconda.com/pkgs/main/osx-64/lcms2-2.12-hf1fd2bf_0.conda#697aba7a3308226df7a93ccfeae16ffa
https://conda.anaconda.org/conda-forge/osx-64/libglib-2.74.0-h3ba3332_0.tar.bz2#694922f8c912172e6ff0876caecb55ae
https://conda.anaconda.org/conda-forge/osx-64/libkml-1.3.0-h8fd9edb_1014.tar.bz2#10d981c033091fd139cb9914a495cc30
https://repo.anaconda.com/pkgs/main/osx-64/libwebp-1.2.4-hf6ce154_1.conda#07d0981c3847293d4aea5778298a12d3
https://repo.anaconda.com/pkgs/main/osx-64/markupsafe-2.1.1-py39hca72f7f_0.conda#c8d14db0e468b7ede010757ed1c2a814
https://repo.anaconda.com/pkgs/main/noarch/mock-4.0.3-pyhd3eb1b0_0.conda#e30b674f018b25357c076ae407d769b9
https://repo.anaconda.com/pkgs/main/osx-64/openjpeg-2.4.0-h66ea3da_0.conda#882833bd7befc5e60e6fba9c518c1b79
https://repo.anaconda.com/pkgs/main/osx-64/packaging-22.0-py39hecd8cb5_0.conda#a1ac08e4d5f08fcb7240edb91639ac0e
https://conda.anaconda.org/conda-forge/osx-64/postgresql-14.5-h6af9f65_0.tar.bz2#922c66aa0d82ec9cfb9c33dd3a344f09
https://conda.anaconda.org/conda-forge/osx-64/proj-9.0.0-h2364a93_1.tar.bz2#0963b0299506924c7630522fb4c1a0a5
https://repo.anaconda.com/pkgs/main/noarch/pycparser-2.21-pyhd3eb1b0_0.conda#135a72ff2a31150a3a3ff0b1edd41ca9
https://repo.anaconda.com/pkgs/main/noarch/pygments-2.11.2-pyhd3eb1b0_0.conda#eff55c770961f459a734cf86768aac98
https://repo.anaconda.com/pkgs/main/osx-64/pyparsing-3.0.9-py39hecd8cb5_0.conda#9b77837761d4351f49612991cd32127b
https://repo.anaconda.com/pkgs/main/osx-64/pysocks-1.7.1-py39hecd8cb5_0.conda#4765ca1a39ea5287cbe170734ac83e37
https://conda.anaconda.org/conda-forge/osx-64/python_abi-3.9-2_cp39.tar.bz2#262f557ee8ca777fe2190956038024cd
https://repo.anaconda.com/pkgs/main/osx-64/pytz-2022.7-py39hecd8cb5_0.conda#4df8fccffcac246293a82f7a6e89e2fd
https://repo.anaconda.com/pkgs/main/osx-64/pyyaml-6.0-py39h6c40b1e_1.conda#89b18a64d8f25bed1ffb26ca61bee5d1
https://conda.anaconda.org/conda-forge/osx-64/qt-5.12.9-h2a607e2_5.tar.bz2#04d4ae84aca89d56836dfb34d4b32021
https://repo.anaconda.com/pkgs/main/noarch/six-1.16.0-pyhd3eb1b0_1.conda#34586824d411d36af2fa40e799c172d0
https://repo.anaconda.com/pkgs/main/osx-64/tenacity-8.0.1-py39hecd8cb5_1.conda#fc54f31d4868306ca4f3e15cd4e891a8
https://repo.anaconda.com/pkgs/main/osx-64/wheel-0.38.4-py39hecd8cb5_0.conda#a220b0cb159f300ced9a8fc9974a2f14
https://repo.anaconda.com/pkgs/main/osx-64/cffi-1.15.1-py39h6c40b1e_3.conda#c9df0a268b6168cb890a6f65e2a81c71
https://conda.anaconda.org/conda-forge/osx-64/geotiff-1.7.1-had63758_1.tar.bz2#836ad7fae692b9e40c55514ffe9e44e7
https://conda.anaconda.org/conda-forge/osx-64/glib-tools-2.74.0-hbc0c0cd_0.tar.bz2#85a47cc311cfb94e0a8e82c9c88bdce5
https://conda.anaconda.org/conda-forge/noarch/httplib2-0.21.0-pyhd8ed1ab_0.tar.bz2#4381bbb62960d2a1796b713093873bcb
https://repo.anaconda.com/pkgs/main/osx-64/jinja2-3.1.2-py39hecd8cb5_0.conda#e422d352418d50005c40950ee4a72d99
https://conda.anaconda.org/conda-forge/osx-64/kealib-1.4.15-h4dab1bc_0.tar.bz2#4425cd34a2591e1f7e4270eafe7f58e0
https://conda.anaconda.org/conda-forge/osx-64/libdap4-3.20.6-h3e144a0_2.tar.bz2#55e0706347eb18f3616808366236bcaa
https://conda.anaconda.org/conda-forge/osx-64/libnetcdf-4.8.1-nompi_h6609ca0_102.tar.bz2#dbe48fe1abd40239cdf759037f5c8abd
https://conda.anaconda.org/conda-forge/osx-64/libspatialite-5.0.1-hadde3e2_15.tar.bz2#34c358524889d28c5ff2d9ae2887633c
https://repo.anaconda.com/pkgs/main/osx-64/mkl-service-2.4.0-py39h9ed2024_0.conda#68ed4da109042256b78f9c46537bd2a3
https://conda.anaconda.org/conda-forge/noarch/nose2-0.9.2-py_0.tar.bz2#6016c166523ee4955697bccbde8700bf
https://repo.anaconda.com/pkgs/main/osx-64/plotly-5.9.0-py39hecd8cb5_0.conda#fabc24dba6394549c272ae91229c2fbe
https://conda.anaconda.org/conda-forge/osx-64/psycopg2-2.9.3-py39hbfd427f_1.tar.bz2#a42207240c1f217a66c1d2f7c6b5ed08
https://conda.anaconda.org/conda-forge/osx-64/pyproj-3.3.1-py39hfe197cf_0.tar.bz2#2ec257ec967a583fc06767541173dfe7
https://conda.anaconda.org/conda-forge/osx-64/pyqt5-sip-4.19.18-py39h15fb055_8.tar.bz2#d2adcf56c5b3f8253a6031b75154caea
https://repo.anaconda.com/pkgs/main/noarch/python-dateutil-2.8.2-pyhd3eb1b0_0.conda#211ee00320b08a1ac9fea6677649f6c9
https://conda.anaconda.org/conda-forge/osx-64/qca-2.2.1-hc763db3_3.tar.bz2#51980d8cb4bdeff8ed2ad021bc0f6554
https://conda.anaconda.org/conda-forge/osx-64/qjson-0.9.0-hc763db3_1006.tar.bz2#488c89bfcf48065ce8c32f258b4d40d7
https://conda.anaconda.org/conda-forge/osx-64/qtkeychain-0.12.0-h1456de6_0.tar.bz2#8f8f8ade979090d0a9d7c2f0b0ec54e3
https://conda.anaconda.org/conda-forge/osx-64/qwt-6.1.6-h3050948_0.tar.bz2#7ef760227d27b971e573ab20f448d6b0
https://repo.anaconda.com/pkgs/main/osx-64/setuptools-65.6.3-py39hecd8cb5_0.conda#762fa88e92dfd5b5158cc58e7860b252
https://conda.anaconda.org/conda-forge/osx-64/tiledb-2.9.5-hb1ce2c0_0.tar.bz2#373138ea3aaaf2ef4e09273c8fd9e78c
https://repo.anaconda.com/pkgs/main/osx-64/brotlipy-0.7.0-py39h9ed2024_1003.conda#a08f6f5f899aff4a07351217b36fae41
https://repo.anaconda.com/pkgs/main/osx-64/cryptography-39.0.1-py39hf6deb26_0.conda#47eae0abc1b7f4c285ab4a4b49e34f4b
https://conda.anaconda.org/conda-forge/osx-64/glib-2.74.0-hbc0c0cd_0.tar.bz2#7fac20c6d21893e5c94b049ceebbf962
https://repo.anaconda.com/pkgs/main/osx-64/numpy-base-1.23.5-py39h9cd3388_0.conda#17c4cab8d603c3408c0324ae5664074a
https://repo.anaconda.com/pkgs/main/osx-64/pip-22.3.1-py39hecd8cb5_0.conda#2b9cc526d938898ddac198c863985532
https://conda.anaconda.org/conda-forge/osx-64/qwtpolar-1.1.1-h2815f34_7.tar.bz2#ef00b3e45443b1c05b78023c08b9c388
https://repo.anaconda.com/pkgs/main/osx-64/cairo-1.16.0-h3ce6f7e_3.conda#5aaa1ace461705a1bf3996054f386e01
https://repo.anaconda.com/pkgs/main/osx-64/dbus-1.13.18-h18a8e69_0.conda#c61ea6722d8eb38d58a024407b444a69
https://repo.anaconda.com/pkgs/main/noarch/pyopenssl-22.0.0-pyhd3eb1b0_0.conda#1dbbf9422269cd62c7094960d9b43f36
https://conda.anaconda.org/conda-forge/osx-64/qtwebkit-5.212-hd626f61_4.tar.bz2#2a7a0a63240c7f33b499a62ff9926c6f
https://conda.anaconda.org/conda-forge/osx-64/poppler-22.04.0-hed6754a_1.tar.bz2#2a85e9317760b0145e12375d4ea843a5
https://conda.anaconda.org/conda-forge/osx-64/pyqt-impl-5.12.3-py39he44290a_8.tar.bz2#2f4c887847b3f010c7d29fdb1e3688c5
https://repo.anaconda.com/pkgs/main/osx-64/urllib3-1.26.14-py39hecd8cb5_0.conda#dc5d0364bf213af8a0ab1e75d608230c
https://conda.anaconda.org/conda-forge/osx-64/libgdal-3.5.0-h231da96_1.tar.bz2#57518f1fd73ba04eb20463c8c5d7d340
https://conda.anaconda.org/conda-forge/osx-64/pyqtchart-5.12-py39he44290a_8.tar.bz2#8a66e869c5a235d05b98bffc994bd42f
https://conda.anaconda.org/conda-forge/osx-64/pyqtwebengine-5.12.1-py39he44290a_8.tar.bz2#6f038dc291315735f9c2bb755504fa66
https://repo.anaconda.com/pkgs/main/osx-64/requests-2.28.1-py39hecd8cb5_0.conda#c2a59bb72db0abd039ce447be18c139d
https://repo.anaconda.com/pkgs/main/noarch/owslib-0.24.1-pyhd3eb1b0_0.conda#6d45ddac4aee59f6b04530dc41fb49e9
https://conda.anaconda.org/conda-forge/osx-64/pdal-2.4.2-h2e47583_1.tar.bz2#0292cbd4f37c6d0f3e79cba9e92cfeae
https://repo.anaconda.com/pkgs/main/noarch/pooch-1.4.0-pyhd3eb1b0_0.conda#69ec83cb3d152f9e854115555004f368
https://conda.anaconda.org/conda-forge/osx-64/pyqt-5.12.3-py39h6e9494a_8.tar.bz2#eb19ea9c5cceab923b44eef2e54a3a05
https://conda.anaconda.org/conda-forge/osx-64/pyqtwebkit-5.212-py39hca04fa7_2.tar.bz2#51d54189fe14b22e0f14f74f2fb12cd1
https://conda.anaconda.org/conda-forge/osx-64/qscintilla2-2.11.2-py39hcfe98c9_6.tar.bz2#8013b57b0703f391b44eb424f815dd4f
https://conda.anaconda.org/conda-forge/osx-64/gdal-3.5.0-py39h97b4846_1.tar.bz2#fb0aee3838bdb7ff18f1dea772fd3e21
https://conda.anaconda.org/conda-forge/osx-64/qgis-3.18.3-py39hb66f042_11.tar.bz2#a45b77b3b560faf50d77ef1d3050caf3
https://repo.anaconda.com/pkgs/main/osx-64/mkl_fft-1.3.1-py39h4ab4a9b_0.conda#f947c9a1c65da729963b3035c219ba10
https://repo.anaconda.com/pkgs/main/osx-64/mkl_random-1.2.2-py39hb2f4e1b_0.conda#1bc33de45069ad534182ca92e616ec7e
https://repo.anaconda.com/pkgs/main/osx-64/numpy-1.23.5-py39he696674_0.conda#9ee0e0f7c0e90789a6ddf29db9d597ab
https://repo.anaconda.com/pkgs/main/osx-64/scipy-1.10.0-py39h91c6ef4_0.conda#262986f0d7fca9fa46f726a165fa1e91
# pip appnope @ https://files.pythonhosted.org/packages/41/4a/381783f26df413dde4c70c734163d88ca0550a1361cb74a1c68f47550619/appnope-0.1.3-py2.py3-none-any.whl#sha256=265a455292d0bd8a72453494fa24df5a11eb18373a60c7c0430889f22548605e
# pip backcall @ https://files.pythonhosted.org/packages/4c/1c/ff6546b6c12603d8dd1070aa3c3d273ad4c07f5771689a7b69a550e8c951/backcall-0.2.0-py2.py3-none-any.whl#sha256=fbbce6a29f263178a1f7915c1940bde0ec2b2a967566fe1c65c1dfb7422bd255
# pip decorator @ https://files.pythonhosted.org/packages/d5/50/83c593b07763e1161326b3b8c6686f0f4b0f24d5526546bee538c89837d6/decorator-5.1.1-py3-none-any.whl#sha256=b8c3f85900b9dc423225913c5aace94729fe1fa9763b38939a95226f02d37186
# pip executing @ https://files.pythonhosted.org/packages/28/3c/bc3819dd8b1a1588c9215a87271b6178cc5498acaa83885211f5d4d9e693/executing-1.2.0-py2.py3-none-any.whl#sha256=0314a69e37426e3608aada02473b4161d4caf5a4b244d1d0c48072b8fee7bacc
# pip parso @ https://files.pythonhosted.org/packages/05/63/8011bd08a4111858f79d2b09aad86638490d62fbf881c44e434a6dfca87b/parso-0.8.3-py2.py3-none-any.whl#sha256=c001d4636cd3aecdaf33cbb40aebb59b094be2a74c556778ef5576c175e19e75
# pip pickleshare @ https://files.pythonhosted.org/packages/9a/41/220f49aaea88bc6fa6cba8d05ecf24676326156c23b991e80b3f2fc24c77/pickleshare-0.7.5-py2.py3-none-any.whl#sha256=9649af414d74d4df115d5d718f82acb59c9d418196b7b4290ed47a12ce62df56
# pip ptyprocess @ https://files.pythonhosted.org/packages/22/a6/858897256d0deac81a172289110f31629fc4cee19b6f01283303e18c8db3/ptyprocess-0.7.0-py2.py3-none-any.whl#sha256=4b41f3967fce3af57cc7e94b888626c18bf37a083e3651ca8feeb66d492fef35
# pip pure-eval @ https://files.pythonhosted.org/packages/2b/27/77f9d5684e6bce929f5cfe18d6cfbe5133013c06cb2fbf5933670e60761d/pure_eval-0.2.2-py3-none-any.whl#sha256=01eaab343580944bc56080ebe0a674b39ec44a945e6d09ba7db3cb8cec289350
# pip traitlets @ https://files.pythonhosted.org/packages/77/75/c28e9ef7abec2b7e9ff35aea3e0be6c1aceaf7873c26c95ae1f0d594de71/traitlets-5.9.0-py3-none-any.whl#sha256=9e6ec080259b9a5940c797d58b613b5e31441c2257b87c2e795c5228ae80d2d8
# pip utm @ https://files.pythonhosted.org/packages/f7/7e/629ddbe63164f71bf2b03e151a69bfbf439692652432af4b2a78f21b0a18/utm-0.7.0.tar.gz#sha256=3c9a3650e98bb6eecec535418d0dfd4db8f88c8ceaca112a0ff0787e116566e2
# pip wcwidth @ https://files.pythonhosted.org/packages/20/f4/c0584a25144ce20bfcf1aecd041768b8c762c1eb0aa77502a3f0baa83f11/wcwidth-0.2.6-py2.py3-none-any.whl#sha256=795b138f6875577cd91bba52baf9e445cd5118fd32723b460e30a0af30ea230e
# pip xlwt @ https://files.pythonhosted.org/packages/44/48/def306413b25c3d01753603b1a222a011b8621aed27cd7f89cbc27e6b0f4/xlwt-1.3.0-py2.py3-none-any.whl#sha256=a082260524678ba48a297d922cc385f58278b8aa68741596a87de01a9c628b2e
# pip asttokens @ https://files.pythonhosted.org/packages/f3/e1/64679d9d0759db5b182222c81ff322c2fe2c31e156a59afd6e9208c960e5/asttokens-2.2.1-py2.py3-none-any.whl#sha256=6b0ac9e93fb0335014d382b8fa9b3afa7df546984258005da0b9e7095b3deb1c
# pip jedi @ https://files.pythonhosted.org/packages/6d/60/4acda63286ef6023515eb914543ba36496b8929cb7af49ecce63afde09c6/jedi-0.18.2-py2.py3-none-any.whl#sha256=203c1fd9d969ab8f2119ec0a3342e0b49910045abe6af0a3ae83a5764d54639e
# pip matplotlib-inline @ https://files.pythonhosted.org/packages/f2/51/c34d7a1d528efaae3d8ddb18ef45a41f284eacf9e514523b191b7d0872cc/matplotlib_inline-0.1.6-py3-none-any.whl#sha256=f1f41aab5328aa5aaea9b16d083b128102f8712542f819fe7e6a420ff581b311
# pip pexpect @ https://files.pythonhosted.org/packages/39/7b/88dbb785881c28a102619d46423cb853b46dbccc70d3ac362d99773a78ce/pexpect-4.8.0-py2.py3-none-any.whl#sha256=0b48a55dcb3c05f3329815901ea4fc1537514d6ba867a152b581d69ae3710937
# pip prompt-toolkit @ https://files.pythonhosted.org/packages/6b/f8/1bb04f1ed50ceffa077ad762911c10aa27defdea6094e1f78ed5cbae1d81/prompt_toolkit-3.0.37-py3-none-any.whl#sha256=6a2948ec427dfcc7c983027b1044b355db6aaa8be374f54ad2015471f7d81c5b
# pip stack-data @ https://files.pythonhosted.org/packages/6a/81/aa96c25c27f78cdc444fec27d80f4c05194c591465e491a1358d8a035bc1/stack_data-0.6.2-py3-none-any.whl#sha256=cbb2a53eb64e5785878201a97ed7c7b94883f48b87bfb0bbe8b623c74679e4a8
# pip ipython @ https://files.pythonhosted.org/packages/09/db/d641ee07f319002393524b6c5a8b47370520dcb2b6166a0972cfe9398c60/ipython-8.10.0-py3-none-any.whl#sha256=b38c31e8fc7eff642fc7c597061fff462537cf2314e3225a19c906b7b0d8a345
